// !$*UTF8*$!
{
	archiveVersion = 1;
	classes = {
	};
	objectVersion = 46;
	objects = {

/* Begin PBXBuildFile section */
		BA9C43F91A59408900B2E977 /* main.m in Sources */ = {isa = PBXBuildFile; fileRef = BA9C43F81A59408900B2E977 /* main.m */; };
		BA9C44011A594A1200B2E977 /* News.m in Sources */ = {isa = PBXBuildFile; fileRef = BA9C44001A594A1200B2E977 /* News.m */; };
/* End PBXBuildFile section */

/* Begin PBXCopyFilesBuildPhase section */
		BA9C43F31A59408900B2E977 /* CopyFiles */ = {
			isa = PBXCopyFilesBuildPhase;
			buildActionMask = 2147483647;
			dstPath = /usr/share/man/man1/;
			dstSubfolderSpec = 0;
			files = (
			);
			runOnlyForDeploymentPostprocessing = 1;
		};
/* End PBXCopyFilesBuildPhase section */

/* Begin PBXFileReference section */
		BA9C43F51A59408900B2E977 /* BlockLearning */ = {isa = PBXFileReference; explicitFileType = "compiled.mach-o.executable"; includeInIndex = 0; path = BlockLearning; sourceTree = BUILT_PRODUCTS_DIR; };
		BA9C43F81A59408900B2E977 /* main.m */ = {isa = PBXFileReference; lastKnownFileType = sourcecode.c.objc; path = main.m; sourceTree = "<group>"; };
		BA9C43FF1A594A1200B2E977 /* News.h */ = {isa = PBXFileReference; fileEncoding = 4; lastKnownFileType = sourcecode.c.h; path = News.h; sourceTree = "<group>"; };
		BA9C44001A594A1200B2E977 /* News.m */ = {isa = PBXFileReference; fileEncoding = 4; lastKnownFileType = sourcecode.c.objc; path = News.m; sourceTree = "<group>"; };
/* End PBXFileReference section */

/* Begin PBXFrameworksBuildPhase section */
		BA9C43F21A59408900B2E977 /* Frameworks */ = {
			isa = PBXFrameworksBuildPhase;
			buildActionMask = 2147483647;
			files = (
			);
			runOnlyForDeploymentPostprocessing = 0;
		};
/* End PBXFrameworksBuildPhase section */

/* Begin PBXGroup section */
		BA9C43EC1A59408900B2E977 = {
			isa = PBXGroup;
			children = (
				BA9C43F71A59408900B2E977 /* BlockLearning */,
				BA9C43F61A59408900B2E977 /* Products */,
			);
			sourceTree = "<group>";
		};
		BA9C43F61A59408900B2E977 /* Products */ = {
			isa = PBXGroup;
			children = (
				BA9C43F51A59408900B2E977 /* BlockLearning */,
			);
			name = Products;
			sourceTree = "<group>";
		};
		BA9C43F71A59408900B2E977 /* BlockLearning */ = {
			isa = PBXGroup;
			children = (
				BA9C43F81A59408900B2E977 /* main.m */,
				BA9C43FF1A594A1200B2E977 /* News.h */,
				BA9C44001A594A1200B2E977 /* News.m */,
			);
			path = BlockLearning;
			sourceTree = "<group>";
		};
/* End PBXGroup section */

/* Begin PBXNativeTarget section */
		BA9C43F41A59408900B2E977 /* BlockLearning */ = {
			isa = PBXNativeTarget;
			buildConfigurationList = BA9C43FC1A59408900B2E977 /* Build configuration list for PBXNativeTarget "BlockLearning" */;
			buildPhases = (
				BA9C43F11A59408900B2E977 /* Sources */,
				BA9C43F21A59408900B2E977 /* Frameworks */,
				BA9C43F31A59408900B2E977 /* CopyFiles */,
			);
			buildRules = (
			);
			dependencies = (
			);
			name = BlockLearning;
			productName = BlockLearning;
			productReference = BA9C43F51A59408900B2E977 /* BlockLearning */;
			productType = "com.apple.product-type.tool";
		};
/* End PBXNativeTarget section */

/* Begin PBXProject section */
		BA9C43ED1A59408900B2E977 /* Project object */ = {
			isa = PBXProject;
			attributes = {
				LastUpgradeCheck = 0610;
				ORGANIZATIONNAME = minghe;
				TargetAttributes = {
					BA9C43F41A59408900B2E977 = {
						CreatedOnToolsVersion = 6.1.1;
					};
				};
			};
			buildConfigurationList = BA9C43F01A59408900B2E977 /* Build configuration list for PBXProject "BlockLearning" */;
			compatibilityVersion = "Xcode 3.2";
			developmentRegion = English;
			hasScannedForEncodings = 0;
			knownRegions = (
				en,
			);
			mainGroup = BA9C43EC1A59408900B2E977;
			productRefGroup = BA9C43F61A59408900B2E977 /* Products */;
			projectDirPath = "";
			projectRoot = "";
			targets = (
				BA9C43F41A59408900B2E977 /* BlockLearning */,
			);
		};
/* End PBXProject section */

/* Begin PBXSourcesBuildPhase section */
		BA9C43F11A59408900B2E977 /* Sources */ = {
			isa = PBXSourcesBuildPhase;
			buildActionMask = 2147483647;
			files = (
				BA9C44011A594A1200B2E977 /* News.m in Sources */,
				BA9C43F91A59408900B2E977 /* main.m in Sources */,
			);
			runOnlyForDeploymentPostprocessing = 0;
		};
/* End PBXSourcesBuildPhase section */

/* Begin XCBuildConfiguration section */
		BA9C43FA1A59408900B2E977 /* Debug */ = {
			isa = XCBuildConfiguration;
			buildSettings = {
				ALWAYS_SEARCH_USER_PATHS = NO;
				CLANG_CXX_LANGUAGE_STANDARD = "gnu++0x";
				CLANG_CXX_LIBRARY = "libc++";
				CLANG_ENABLE_MODULES = YES;
				CLANG_ENABLE_OBJC_ARC = YES;
				CLANG_WARN_BOOL_CONVERSION = YES;
				CLANG_WARN_CONSTANT_CONVERSION = YES;
				CLANG_WARN_DIRECT_OBJC_ISA_USAGE = YES_ERROR;
				CLANG_WARN_EMPTY_BODY = YES;
				CLANG_WARN_ENUM_CONVERSION = YES;
				CLANG_WARN_INT_CONVERSION = YES;
				CLANG_WARN_OBJC_ROOT_CLASS = YES_ERROR;
				CLANG_WARN_UNREACHABLE_CODE = YES;
				CLANG_WARN__DUPLICATE_METHOD_MATCH = YES;
				COPY_PHASE_STRIP = NO;
				ENABLE_STRICT_OBJC_MSGSEND = YES;
				GCC_C_LANGUAGE_STANDARD = gnu99;
				GCC_DYNAMIC_NO_PIC = NO;
				GCC_OPTIMIZATION_LEVEL = 0;
				GCC_PREPROCESSOR_DEFINITIONS = (
					"DEBUG=1",
					"$(inherited)",
				);
				GCC_SYMBOLS_PRIVATE_EXTERN = NO;
				GCC_WARN_64_TO_32_BIT_CONVERSION = YES;
				GCC_WARN_ABOUT_RETURN_TYPE = YES_ERROR;
				GCC_WARN_UNDECLARED_SELECTOR = YES;
				GCC_WARN_UNINITIALIZED_AUTOS = YES_AGGRESSIVE;
				GCC_WARN_UNUSED_FUNCTION = YES;
				GCC_WARN_UNUSED_VARIABLE = YES;
				MACOSX_DEPLOYMENT_TARGET = 10.10;
				MTL_ENABLE_DEBUG_INFO = YES;
				ONLY_ACTIVE_ARCH = YES;
				SDKROOT = macosx;
			};
			name = Debug;
		};
		BA9C43FB1A59408900B2E977 /* Release */ = {
			isa = XCBuildConfiguration;
			buildSettings = {
				ALWAYS_SEARCH_USER_PATHS = NO;
				CLANG_CXX_LANGUAGE_STANDARD = "gnu++0x";
				CLANG_CXX_LIBRARY = "libc++";
				CLANG_ENABLE_MODULES = YES;
				CLANG_ENABLE_OBJC_ARC = YES;
				CLANG_WARN_BOOL_CONVERSION = YES;
				CLANG_WARN_CONSTANT_CONVERSION = YES;
				CLANG_WARN_DIRECT_OBJC_ISA_USAGE = YES_ERROR;
				CLANG_WARN_EMPTY_BODY = YES;
				CLANG_WARN_ENUM_CONVERSION = YES;
				CLANG_WARN_INT_CONVERSION = YES;
				CLANG_WARN_OBJC_ROOT_CLASS = YES_ERROR;
				CLANG_WARN_UNREACHABLE_CODE = YES;
				CLANG_WARN__DUPLICATE_METHOD_MATCH = YES;
				COPY_PHASE_STRIP = YES;
				DEBUG_INFORMATION_FORMAT = "dwarf-with-dsym";
				ENABLE_NS_ASSERTIONS = NO;
				ENABLE_STRICT_OBJC_MSGSEND = YES;
				GCC_C_LANGUAGE_STANDARD = gnu99;
				GCC_WARN_64_TO_32_BIT_CONVERSION = YES;
				GCC_WARN_ABOUT_RETURN_TYPE = YES_ERROR;
				GCC_WARN_UNDECLARED_SELECTOR = YES;
				GCC_WARN_UNINITIALIZED_AUTOS = YES_AGGRESSIVE;
				GCC_WARN_UNUSED_FUNCTION = YES;
				GCC_WARN_UNUSED_VARIABLE = YES;
				MACOSX_DEPLOYMENT_TARGET = 10.10;
				MTL_ENABLE_DEBUG_INFO = NO;
				SDKROOT = macosx;
			};
			name = Release;
		};
		BA9C43FD1A59408900B2E977 /* Debug */ = {
			isa = XCBuildConfiguration;
			buildSettings = {
				PRODUCT_NAME = "$(TARGET_NAME)";
			};
			name = Debug;
		};
		BA9C43FE1A59408900B2E977 /* Release */ = {
			isa = XCBuildConfiguration;
			buildSettings = {
				PRODUCT_NAME = "$(TARGET_NAME)";
			};
			name = Release;
		};
/* End XCBuildConfiguration section */

/* Begin XCConfigurationList section */
		BA9C43F01A59408900B2E977 /* Build configuration list for PBXProject "BlockLearning" */ = {
			isa = XCConfigurationList;
			buildConfigurations = (
				BA9C43FA1A59408900B2E977 /* Debug */,
				BA9C43FB1A59408900B2E977 /* Release */,
			);
			defaultConfigurationIsVisible = 0;
			defaultConfigurationName = Release;
		};
		BA9C43FC1A59408900B2E977 /* Build configuration list for PBXNativeTarget "BlockLearning" */ = {
			isa = XCConfigurationList;
			buildConfigurations = (
				BA9C43FD1A59408900B2E977 /* Debug */,
				BA9C43FE1A59408900B2E977 /* Release */,
			);
			defaultConfigurationIsVisible = 0;
		};
/* End XCConfigurationList section */
	};
	rootObject = BA9C43ED1A59408900B2E977 /* Project object */;
}
