<?xml version="1.0" encoding="UTF-8"?>
<!DOCTYPE plist PUBLIC "-//Apple//DTD PLIST 1.0//EN" "http://www.apple.com/DTDs/PropertyList-1.0.dtd">
<plist version="1.0">
<dict>
	<key>archiveVersion</key>
	<string>1</string>
	<key>classes</key>
	<dict/>
	<key>objectVersion</key>
	<string>46</string>
	<key>objects</key>
	<dict>
		<key>8B2DDD87A53DAD120976EFE6</key>
		<dict>
			<key>fileRef</key>
			<string>90CD7E7EF8EA12AFB12922DF</string>
			<key>isa</key>
			<string>PBXBuildFile</string>
		</dict>
		<key>90CD7E7EF8EA12AFB12922DF</key>
		<dict>
			<key>explicitFileType</key>
			<string>archive.ar</string>
			<key>includeInIndex</key>
			<string>0</string>
			<key>isa</key>
			<string>PBXFileReference</string>
			<key>path</key>
			<string>libPods-iOSonRails.a</string>
			<key>sourceTree</key>
			<string>BUILT_PRODUCTS_DIR</string>
		</dict>
		<key>9FABE1F2DF8E5C107F17CBF6</key>
		<dict>
			<key>includeInIndex</key>
			<string>1</string>
			<key>isa</key>
			<string>PBXFileReference</string>
			<key>lastKnownFileType</key>
			<string>text.xcconfig</string>
			<key>name</key>
			<string>Pods-iOSonRails.release.xcconfig</string>
			<key>path</key>
			<string>Pods/Target Support Files/Pods-iOSonRails/Pods-iOSonRails.release.xcconfig</string>
			<key>sourceTree</key>
			<string>&lt;group&gt;</string>
		</dict>
		<key>AE0DBDA77E9D3AC987D984EC</key>
		<dict>
			<key>buildActionMask</key>
			<string>2147483647</string>
			<key>files</key>
			<array/>
			<key>inputPaths</key>
			<array/>
			<key>isa</key>
			<string>PBXShellScriptBuildPhase</string>
			<key>name</key>
			<string>Copy Pods Resources</string>
			<key>outputPaths</key>
			<array/>
			<key>runOnlyForDeploymentPostprocessing</key>
			<string>0</string>
			<key>shellPath</key>
			<string>/bin/sh</string>
			<key>shellScript</key>
			<string>"${SRCROOT}/Pods/Target Support Files/Pods-iOSonRails/Pods-iOSonRails-resources.sh"
</string>
			<key>showEnvVarsInLog</key>
			<string>0</string>
		</dict>
		<key>BA05A7B71A80FDE90040ED7E</key>
		<dict>
			<key>children</key>
			<array>
				<string>BA05A7B81A80FDE90040ED7E</string>
				<string>BA05A7B91A80FDE90040ED7E</string>
			</array>
			<key>isa</key>
			<string>PBXGroup</string>
			<key>path</key>
			<string>AppDelegate</string>
			<key>sourceTree</key>
			<string>&lt;group&gt;</string>
		</dict>
		<key>BA05A7B81A80FDE90040ED7E</key>
		<dict>
			<key>fileEncoding</key>
			<string>4</string>
			<key>isa</key>
			<string>PBXFileReference</string>
			<key>lastKnownFileType</key>
			<string>sourcecode.c.h</string>
			<key>path</key>
			<string>AppDelegate.h</string>
			<key>sourceTree</key>
			<string>&lt;group&gt;</string>
		</dict>
		<key>BA05A7B91A80FDE90040ED7E</key>
		<dict>
			<key>fileEncoding</key>
			<string>4</string>
			<key>isa</key>
			<string>PBXFileReference</string>
			<key>lastKnownFileType</key>
			<string>sourcecode.c.objc</string>
			<key>path</key>
			<string>AppDelegate.m</string>
			<key>sourceTree</key>
			<string>&lt;group&gt;</string>
		</dict>
		<key>BA05A7BA1A80FDE90040ED7E</key>
		<dict>
			<key>children</key>
			<array>
				<string>BA1DB68F1A5FF44700B4E453</string>
				<string>BA1DB6901A5FF44700B4E453</string>
				<string>BA96BD831ACC2F190042ADDB</string>
				<string>BA8F31081AC53D1D00C6A1B3</string>
			</array>
			<key>isa</key>
			<string>PBXGroup</string>
			<key>path</key>
			<string>Helper</string>
			<key>sourceTree</key>
			<string>&lt;group&gt;</string>
		</dict>
		<key>BA05A7BB1A80FDE90040ED7E</key>
		<dict>
			<key>fileEncoding</key>
			<string>4</string>
			<key>isa</key>
			<string>PBXFileReference</string>
			<key>lastKnownFileType</key>
			<string>sourcecode.c.h</string>
			<key>path</key>
			<string>HTTPClient.h</string>
			<key>sourceTree</key>
			<string>&lt;group&gt;</string>
		</dict>
		<key>BA05A7BC1A80FDE90040ED7E</key>
		<dict>
			<key>fileEncoding</key>
			<string>4</string>
			<key>isa</key>
			<string>PBXFileReference</string>
			<key>lastKnownFileType</key>
			<string>sourcecode.c.objc</string>
			<key>path</key>
			<string>HTTPClient.m</string>
			<key>sourceTree</key>
			<string>&lt;group&gt;</string>
		</dict>
		<key>BA05A7BD1A80FDE90040ED7E</key>
		<dict>
			<key>children</key>
			<array>
				<string>BA05A7BE1A80FDE90040ED7E</string>
				<string>BAA0BBFA1ACA507800DB702A</string>
				<string>BAA0BBFB1ACA507800DB702A</string>
			</array>
			<key>isa</key>
			<string>PBXGroup</string>
			<key>path</key>
			<string>Macro</string>
			<key>sourceTree</key>
			<string>&lt;group&gt;</string>
		</dict>
		<key>BA05A7BE1A80FDE90040ED7E</key>
		<dict>
			<key>fileEncoding</key>
			<string>4</string>
			<key>isa</key>
			<string>PBXFileReference</string>
			<key>lastKnownFileType</key>
			<string>sourcecode.c.h</string>
			<key>path</key>
			<string>Macro.h</string>
			<key>sourceTree</key>
			<string>&lt;group&gt;</string>
		</dict>
		<key>BA05A7BF1A80FDE90040ED7E</key>
		<dict>
			<key>children</key>
			<array>
				<string>BAD1940B1ACAEEFA00389AA1</string>
				<string>BAD1940E1ACAF2B800389AA1</string>
				<string>BAD1940F1ACAF2B800389AA1</string>
			</array>
			<key>isa</key>
			<string>PBXGroup</string>
			<key>name</key>
			<string>Models</string>
			<key>path</key>
			<string>Models</string>
			<key>sourceTree</key>
			<string>&lt;group&gt;</string>
		</dict>
		<key>BA05A7C21A80FDE90040ED7E</key>
		<dict>
			<key>children</key>
			<array>
				<string>BA8F31021AC251EB00C6A1B3</string>
				<string>BA146A551ABD49A300D046F3</string>
			</array>
			<key>isa</key>
			<string>PBXGroup</string>
			<key>path</key>
			<string>View</string>
			<key>sourceTree</key>
			<string>&lt;group&gt;</string>
		</dict>
		<key>BA05A7C71A80FDE90040ED7E</key>
		<dict>
			<key>fileRef</key>
			<string>BA05A7B91A80FDE90040ED7E</string>
			<key>isa</key>
			<string>PBXBuildFile</string>
		</dict>
		<key>BA05A7C81A80FDE90040ED7E</key>
		<dict>
			<key>fileRef</key>
			<string>BA05A7BC1A80FDE90040ED7E</string>
			<key>isa</key>
			<string>PBXBuildFile</string>
		</dict>
		<key>BA146A551ABD49A300D046F3</key>
		<dict>
			<key>children</key>
			<array>
				<string>BA146A5C1ABEAAD600D046F3</string>
				<string>BA146A5D1ABEAAD600D046F3</string>
			</array>
			<key>isa</key>
			<string>PBXGroup</string>
			<key>path</key>
			<string>NavView</string>
			<key>sourceTree</key>
			<string>&lt;group&gt;</string>
		</dict>
		<key>BA146A561ABD929F00D046F3</key>
		<dict>
			<key>fileEncoding</key>
			<string>4</string>
			<key>isa</key>
			<string>PBXFileReference</string>
			<key>lastKnownFileType</key>
			<string>sourcecode.c.h</string>
			<key>name</key>
			<string>NavViewController.h</string>
			<key>path</key>
			<string>NavViewController.h</string>
			<key>sourceTree</key>
			<string>&lt;group&gt;</string>
		</dict>
		<key>BA146A571ABD929F00D046F3</key>
		<dict>
			<key>fileEncoding</key>
			<string>4</string>
			<key>isa</key>
			<string>PBXFileReference</string>
			<key>lastKnownFileType</key>
			<string>sourcecode.c.objc</string>
			<key>name</key>
			<string>NavViewController.m</string>
			<key>path</key>
			<string>NavViewController.m</string>
			<key>sourceTree</key>
			<string>&lt;group&gt;</string>
		</dict>
		<key>BA146A581ABD929F00D046F3</key>
		<dict>
			<key>fileRef</key>
			<string>BA146A571ABD929F00D046F3</string>
			<key>isa</key>
			<string>PBXBuildFile</string>
		</dict>
		<key>BA146A5C1ABEAAD600D046F3</key>
		<dict>
			<key>fileEncoding</key>
			<string>4</string>
			<key>isa</key>
			<string>PBXFileReference</string>
			<key>lastKnownFileType</key>
			<string>sourcecode.c.h</string>
			<key>path</key>
			<string>NavSubView.h</string>
			<key>sourceTree</key>
			<string>&lt;group&gt;</string>
		</dict>
		<key>BA146A5D1ABEAAD600D046F3</key>
		<dict>
			<key>fileEncoding</key>
			<string>4</string>
			<key>isa</key>
			<string>PBXFileReference</string>
			<key>lastKnownFileType</key>
			<string>sourcecode.c.objc</string>
			<key>path</key>
			<string>NavSubView.m</string>
			<key>sourceTree</key>
			<string>&lt;group&gt;</string>
		</dict>
		<key>BA146A5E1ABEAAD700D046F3</key>
		<dict>
			<key>fileRef</key>
			<string>BA146A5D1ABEAAD600D046F3</string>
			<key>isa</key>
			<string>PBXBuildFile</string>
		</dict>
		<key>BA146A5F1ABF157D00D046F3</key>
		<dict>
			<key>isa</key>
			<string>PBXFileReference</string>
			<key>lastKnownFileType</key>
			<string>wrapper.framework</string>
			<key>name</key>
			<string>CoreMotion.framework</string>
			<key>path</key>
			<string>System/Library/Frameworks/CoreMotion.framework</string>
			<key>sourceTree</key>
			<string>SDKROOT</string>
		</dict>
		<key>BA146A601ABF157D00D046F3</key>
		<dict>
			<key>fileRef</key>
			<string>BA146A5F1ABF157D00D046F3</string>
			<key>isa</key>
			<string>PBXBuildFile</string>
		</dict>
		<key>BA146A6A1AC0111800D046F3</key>
		<dict>
			<key>fileEncoding</key>
			<string>4</string>
			<key>isa</key>
			<string>PBXFileReference</string>
			<key>lastKnownFileType</key>
			<string>file.storyboard</string>
			<key>path</key>
			<string>main.storyboard</string>
			<key>sourceTree</key>
			<string>&lt;group&gt;</string>
		</dict>
		<key>BA146A6B1AC0111800D046F3</key>
		<dict>
			<key>fileRef</key>
			<string>BA146A6A1AC0111800D046F3</string>
			<key>isa</key>
			<string>PBXBuildFile</string>
		</dict>
		<key>BA1DB68F1A5FF44700B4E453</key>
		<dict>
			<key>fileEncoding</key>
			<string>4</string>
			<key>isa</key>
			<string>PBXFileReference</string>
			<key>lastKnownFileType</key>
			<string>sourcecode.c.h</string>
			<key>name</key>
			<string>UserManager.h</string>
			<key>path</key>
			<string>UserManager.h</string>
			<key>sourceTree</key>
			<string>&lt;group&gt;</string>
		</dict>
		<key>BA1DB6901A5FF44700B4E453</key>
		<dict>
			<key>fileEncoding</key>
			<string>4</string>
			<key>isa</key>
			<string>PBXFileReference</string>
			<key>lastKnownFileType</key>
			<string>sourcecode.c.objc</string>
			<key>name</key>
			<string>UserManager.m</string>
			<key>path</key>
			<string>UserManager.m</string>
			<key>sourceTree</key>
			<string>&lt;group&gt;</string>
		</dict>
		<key>BA1DB6911A5FF44700B4E453</key>
		<dict>
			<key>fileRef</key>
			<string>BA1DB6901A5FF44700B4E453</string>
			<key>isa</key>
			<string>PBXBuildFile</string>
		</dict>
		<key>BA1DB6921A5FF87400B4E453</key>
		<dict>
			<key>isa</key>
			<string>PBXFileReference</string>
			<key>lastKnownFileType</key>
			<string>wrapper.framework</string>
			<key>name</key>
			<string>Security.framework</string>
			<key>path</key>
			<string>System/Library/Frameworks/Security.framework</string>
			<key>sourceTree</key>
			<string>SDKROOT</string>
		</dict>
		<key>BA1DB6931A5FF87400B4E453</key>
		<dict>
			<key>fileRef</key>
			<string>BA1DB6921A5FF87400B4E453</string>
			<key>isa</key>
			<string>PBXBuildFile</string>
		</dict>
		<key>BA8F30E11AC01A9A00C6A1B3</key>
		<dict>
			<key>fileEncoding</key>
			<string>4</string>
			<key>isa</key>
			<string>PBXFileReference</string>
			<key>lastKnownFileType</key>
			<string>sourcecode.c.h</string>
			<key>name</key>
			<string>AiViewController.h</string>
			<key>path</key>
			<string>AiViewController.h</string>
			<key>sourceTree</key>
			<string>&lt;group&gt;</string>
		</dict>
		<key>BA8F30E21AC01A9A00C6A1B3</key>
		<dict>
			<key>fileEncoding</key>
			<string>4</string>
			<key>isa</key>
			<string>PBXFileReference</string>
			<key>lastKnownFileType</key>
			<string>sourcecode.c.objc</string>
			<key>name</key>
			<string>AIViewController.m</string>
			<key>path</key>
			<string>AIViewController.m</string>
			<key>sourceTree</key>
			<string>&lt;group&gt;</string>
		</dict>
		<key>BA8F30E41AC01A9A00C6A1B3</key>
		<dict>
			<key>fileEncoding</key>
			<string>4</string>
			<key>isa</key>
			<string>PBXFileReference</string>
			<key>lastKnownFileType</key>
			<string>sourcecode.c.h</string>
			<key>name</key>
			<string>EViewController.h</string>
			<key>path</key>
			<string>EViewController.h</string>
			<key>sourceTree</key>
			<string>&lt;group&gt;</string>
		</dict>
		<key>BA8F30E51AC01A9A00C6A1B3</key>
		<dict>
			<key>fileEncoding</key>
			<string>4</string>
			<key>isa</key>
			<string>PBXFileReference</string>
			<key>lastKnownFileType</key>
			<string>sourcecode.c.objc</string>
			<key>name</key>
			<string>EViewController.m</string>
			<key>path</key>
			<string>EViewController.m</string>
			<key>sourceTree</key>
			<string>&lt;group&gt;</string>
		</dict>
		<key>BA8F30E71AC01A9A00C6A1B3</key>
		<dict>
			<key>fileEncoding</key>
			<string>4</string>
			<key>isa</key>
			<string>PBXFileReference</string>
			<key>lastKnownFileType</key>
			<string>sourcecode.c.h</string>
			<key>name</key>
			<string>HaoViewController.h</string>
			<key>path</key>
			<string>HaoViewController.h</string>
			<key>sourceTree</key>
			<string>&lt;group&gt;</string>
		</dict>
		<key>BA8F30E81AC01A9A00C6A1B3</key>
		<dict>
			<key>fileEncoding</key>
			<string>4</string>
			<key>isa</key>
			<string>PBXFileReference</string>
			<key>lastKnownFileType</key>
			<string>sourcecode.c.objc</string>
			<key>name</key>
			<string>HaoViewController.m</string>
			<key>path</key>
			<string>HaoViewController.m</string>
			<key>sourceTree</key>
			<string>&lt;group&gt;</string>
		</dict>
		<key>BA8F30EA1AC01A9A00C6A1B3</key>
		<dict>
			<key>fileEncoding</key>
			<string>4</string>
			<key>isa</key>
			<string>PBXFileReference</string>
			<key>lastKnownFileType</key>
			<string>sourcecode.c.h</string>
			<key>name</key>
			<string>JingViewController.h</string>
			<key>path</key>
			<string>JingViewController.h</string>
			<key>sourceTree</key>
			<string>&lt;group&gt;</string>
		</dict>
		<key>BA8F30EB1AC01A9A00C6A1B3</key>
		<dict>
			<key>fileEncoding</key>
			<string>4</string>
			<key>isa</key>
			<string>PBXFileReference</string>
			<key>lastKnownFileType</key>
			<string>sourcecode.c.objc</string>
			<key>name</key>
			<string>JingViewController.m</string>
			<key>path</key>
			<string>JingViewController.m</string>
			<key>sourceTree</key>
			<string>&lt;group&gt;</string>
		</dict>
		<key>BA8F30ED1AC01A9A00C6A1B3</key>
		<dict>
			<key>fileEncoding</key>
			<string>4</string>
			<key>isa</key>
			<string>PBXFileReference</string>
			<key>lastKnownFileType</key>
			<string>sourcecode.c.h</string>
			<key>name</key>
			<string>JuViewController.h</string>
			<key>path</key>
			<string>JuViewController.h</string>
			<key>sourceTree</key>
			<string>&lt;group&gt;</string>
		</dict>
		<key>BA8F30EE1AC01A9A00C6A1B3</key>
		<dict>
			<key>fileEncoding</key>
			<string>4</string>
			<key>isa</key>
			<string>PBXFileReference</string>
			<key>lastKnownFileType</key>
			<string>sourcecode.c.objc</string>
			<key>name</key>
			<string>JuViewController.m</string>
			<key>path</key>
			<string>JuViewController.m</string>
			<key>sourceTree</key>
			<string>&lt;group&gt;</string>
		</dict>
		<key>BA8F30F01AC01A9A00C6A1B3</key>
		<dict>
			<key>fileEncoding</key>
			<string>4</string>
			<key>isa</key>
			<string>PBXFileReference</string>
			<key>lastKnownFileType</key>
			<string>sourcecode.c.h</string>
			<key>name</key>
			<string>LeViewController.h</string>
			<key>path</key>
			<string>LeViewController.h</string>
			<key>sourceTree</key>
			<string>&lt;group&gt;</string>
		</dict>
		<key>BA8F30F11AC01A9A00C6A1B3</key>
		<dict>
			<key>fileEncoding</key>
			<string>4</string>
			<key>isa</key>
			<string>PBXFileReference</string>
			<key>lastKnownFileType</key>
			<string>sourcecode.c.objc</string>
			<key>name</key>
			<string>LeViewController.m</string>
			<key>path</key>
			<string>LeViewController.m</string>
			<key>sourceTree</key>
			<string>&lt;group&gt;</string>
		</dict>
		<key>BA8F30F31AC01A9A00C6A1B3</key>
		<dict>
			<key>fileEncoding</key>
			<string>4</string>
			<key>isa</key>
			<string>PBXFileReference</string>
			<key>lastKnownFileType</key>
			<string>sourcecode.c.h</string>
			<key>name</key>
			<string>NuViewController.h</string>
			<key>path</key>
			<string>NuViewController.h</string>
			<key>sourceTree</key>
			<string>&lt;group&gt;</string>
		</dict>
		<key>BA8F30F41AC01A9A00C6A1B3</key>
		<dict>
			<key>fileEncoding</key>
			<string>4</string>
			<key>isa</key>
			<string>PBXFileReference</string>
			<key>lastKnownFileType</key>
			<string>sourcecode.c.objc</string>
			<key>name</key>
			<string>NuViewController.m</string>
			<key>path</key>
			<string>NuViewController.m</string>
			<key>sourceTree</key>
			<string>&lt;group&gt;</string>
		</dict>
		<key>BA8F30F51AC01A9A00C6A1B3</key>
		<dict>
			<key>fileRef</key>
			<string>BA8F30E21AC01A9A00C6A1B3</string>
			<key>isa</key>
			<string>PBXBuildFile</string>
		</dict>
		<key>BA8F30F61AC01A9A00C6A1B3</key>
		<dict>
			<key>fileRef</key>
			<string>BA8F30E51AC01A9A00C6A1B3</string>
			<key>isa</key>
			<string>PBXBuildFile</string>
		</dict>
		<key>BA8F30F71AC01A9A00C6A1B3</key>
		<dict>
			<key>fileRef</key>
			<string>BA8F30E81AC01A9A00C6A1B3</string>
			<key>isa</key>
			<string>PBXBuildFile</string>
		</dict>
		<key>BA8F30F81AC01A9A00C6A1B3</key>
		<dict>
			<key>fileRef</key>
			<string>BA8F30EB1AC01A9A00C6A1B3</string>
			<key>isa</key>
			<string>PBXBuildFile</string>
		</dict>
		<key>BA8F30F91AC01A9A00C6A1B3</key>
		<dict>
			<key>fileRef</key>
			<string>BA8F30EE1AC01A9A00C6A1B3</string>
			<key>isa</key>
			<string>PBXBuildFile</string>
		</dict>
		<key>BA8F30FA1AC01A9A00C6A1B3</key>
		<dict>
			<key>fileRef</key>
			<string>BA8F30F11AC01A9A00C6A1B3</string>
			<key>isa</key>
			<string>PBXBuildFile</string>
		</dict>
		<key>BA8F30FB1AC01A9A00C6A1B3</key>
		<dict>
			<key>fileRef</key>
			<string>BA8F30F41AC01A9A00C6A1B3</string>
			<key>isa</key>
			<string>PBXBuildFile</string>
		</dict>
		<key>BA8F30FF1AC1AF3000C6A1B3</key>
		<dict>
			<key>fileEncoding</key>
			<string>4</string>
			<key>isa</key>
			<string>PBXFileReference</string>
			<key>lastKnownFileType</key>
			<string>sourcecode.c.h</string>
			<key>name</key>
			<string>NewsWebViewController.h</string>
			<key>path</key>
			<string>NewsWebViewController.h</string>
			<key>sourceTree</key>
			<string>&lt;group&gt;</string>
		</dict>
		<key>BA8F31001AC1AF3000C6A1B3</key>
		<dict>
			<key>fileEncoding</key>
			<string>4</string>
			<key>isa</key>
			<string>PBXFileReference</string>
			<key>lastKnownFileType</key>
			<string>sourcecode.c.objc</string>
			<key>name</key>
			<string>NewsWebViewController.m</string>
			<key>path</key>
			<string>NewsWebViewController.m</string>
			<key>sourceTree</key>
			<string>&lt;group&gt;</string>
		</dict>
		<key>BA8F31011AC1AF3000C6A1B3</key>
		<dict>
			<key>fileRef</key>
			<string>BA8F31001AC1AF3000C6A1B3</string>
			<key>isa</key>
			<string>PBXBuildFile</string>
		</dict>
		<key>BA8F31021AC251EB00C6A1B3</key>
		<dict>
			<key>children</key>
			<array>
				<string>BA8F30FF1AC1AF3000C6A1B3</string>
				<string>BA8F31001AC1AF3000C6A1B3</string>
			</array>
			<key>isa</key>
			<string>PBXGroup</string>
			<key>name</key>
			<string>NewsWebView</string>
			<key>path</key>
			<string>NewsWebView</string>
			<key>sourceTree</key>
			<string>&lt;group&gt;</string>
		</dict>
		<key>BA8F31031AC2A2F600C6A1B3</key>
		<dict>
			<key>fileEncoding</key>
			<string>4</string>
			<key>isa</key>
			<string>PBXFileReference</string>
			<key>lastKnownFileType</key>
			<string>sourcecode.c.h</string>
			<key>name</key>
			<string>CoordinatingController.h</string>
			<key>path</key>
			<string>CoordinatingController.h</string>
			<key>sourceTree</key>
			<string>&lt;group&gt;</string>
		</dict>
		<key>BA8F31041AC2A2F600C6A1B3</key>
		<dict>
			<key>fileEncoding</key>
			<string>4</string>
			<key>isa</key>
			<string>PBXFileReference</string>
			<key>lastKnownFileType</key>
			<string>sourcecode.c.objc</string>
			<key>name</key>
			<string>CoordinatingController.m</string>
			<key>path</key>
			<string>CoordinatingController.m</string>
			<key>sourceTree</key>
			<string>&lt;group&gt;</string>
		</dict>
		<key>BA8F31051AC2A2F600C6A1B3</key>
		<dict>
			<key>fileRef</key>
			<string>BA8F31041AC2A2F600C6A1B3</string>
			<key>isa</key>
			<string>PBXBuildFile</string>
		</dict>
		<key>BA8F31081AC53D1D00C6A1B3</key>
		<dict>
			<key>children</key>
			<array>
				<string>BA8F31091AC53D4600C6A1B3</string>
				<string>BA8F310A1AC53D4600C6A1B3</string>
			</array>
			<key>isa</key>
			<string>PBXGroup</string>
			<key>name</key>
			<string>Color.h</string>
			<key>path</key>
			<string>Color.h</string>
			<key>sourceTree</key>
			<string>&lt;group&gt;</string>
		</dict>
		<key>BA8F31091AC53D4600C6A1B3</key>
		<dict>
			<key>fileEncoding</key>
			<string>4</string>
			<key>isa</key>
			<string>PBXFileReference</string>
			<key>lastKnownFileType</key>
			<string>sourcecode.c.h</string>
			<key>path</key>
			<string>Color.h</string>
			<key>sourceTree</key>
			<string>&lt;group&gt;</string>
		</dict>
		<key>BA8F310A1AC53D4600C6A1B3</key>
		<dict>
			<key>fileEncoding</key>
			<string>4</string>
			<key>isa</key>
			<string>PBXFileReference</string>
			<key>lastKnownFileType</key>
			<string>sourcecode.c.objc</string>
			<key>path</key>
			<string>Color.m</string>
			<key>sourceTree</key>
			<string>&lt;group&gt;</string>
		</dict>
		<key>BA8F310B1AC53D4600C6A1B3</key>
		<dict>
			<key>fileRef</key>
			<string>BA8F310A1AC53D4600C6A1B3</string>
			<key>isa</key>
			<string>PBXBuildFile</string>
		</dict>
		<key>BA8F310C1AC5635300C6A1B3</key>
		<dict>
			<key>children</key>
			<array>
				<string>BA8F31131AC5A47C00C6A1B3</string>
				<string>BA8F31111AC56A0300C6A1B3</string>
				<string>BA8F310F1AC5647000C6A1B3</string>
				<string>BA8F310D1AC5635300C6A1B3</string>
			</array>
			<key>isa</key>
			<string>PBXGroup</string>
			<key>name</key>
			<string>Image</string>
			<key>path</key>
			<string>Image</string>
			<key>sourceTree</key>
			<string>&lt;group&gt;</string>
		</dict>
		<key>BA8F310D1AC5635300C6A1B3</key>
		<dict>
			<key>isa</key>
			<string>PBXFileReference</string>
			<key>lastKnownFileType</key>
			<string>image.png</string>
			<key>path</key>
			<string>back.png</string>
			<key>sourceTree</key>
			<string>&lt;group&gt;</string>
		</dict>
		<key>BA8F310E1AC5635300C6A1B3</key>
		<dict>
			<key>fileRef</key>
			<string>BA8F310D1AC5635300C6A1B3</string>
			<key>isa</key>
			<string>PBXBuildFile</string>
		</dict>
		<key>BA8F310F1AC5647000C6A1B3</key>
		<dict>
			<key>isa</key>
			<string>PBXFileReference</string>
			<key>lastKnownFileType</key>
			<string>image.png</string>
			<key>path</key>
			<string>back_24dp.png</string>
			<key>sourceTree</key>
			<string>&lt;group&gt;</string>
		</dict>
		<key>BA8F31101AC5647000C6A1B3</key>
		<dict>
			<key>fileRef</key>
			<string>BA8F310F1AC5647000C6A1B3</string>
			<key>isa</key>
			<string>PBXBuildFile</string>
		</dict>
		<key>BA8F31111AC56A0300C6A1B3</key>
		<dict>
			<key>isa</key>
			<string>PBXFileReference</string>
			<key>lastKnownFileType</key>
			<string>image.png</string>
			<key>path</key>
			<string>share_24dp.png</string>
			<key>sourceTree</key>
			<string>&lt;group&gt;</string>
		</dict>
		<key>BA8F31121AC56A0300C6A1B3</key>
		<dict>
			<key>fileRef</key>
			<string>BA8F31111AC56A0300C6A1B3</string>
			<key>isa</key>
			<string>PBXBuildFile</string>
		</dict>
		<key>BA8F31131AC5A47C00C6A1B3</key>
		<dict>
			<key>isa</key>
			<string>PBXFileReference</string>
			<key>lastKnownFileType</key>
			<string>image.png</string>
			<key>path</key>
			<string>wechat_share.png</string>
			<key>sourceTree</key>
			<string>&lt;group&gt;</string>
		</dict>
		<key>BA8F31141AC5A47C00C6A1B3</key>
		<dict>
			<key>fileRef</key>
			<string>BA8F31131AC5A47C00C6A1B3</string>
			<key>isa</key>
			<string>PBXBuildFile</string>
		</dict>
		<key>BA96BD821ACC2E4C0042ADDB</key>
		<dict>
			<key>children</key>
			<array>
				<string>BA146A571ABD929F00D046F3</string>
				<string>BA146A561ABD929F00D046F3</string>
				<string>BA8F30E11AC01A9A00C6A1B3</string>
				<string>BA8F30E21AC01A9A00C6A1B3</string>
				<string>BA8F30E41AC01A9A00C6A1B3</string>
				<string>BA8F30E51AC01A9A00C6A1B3</string>
				<string>BA8F30E71AC01A9A00C6A1B3</string>
				<string>BA8F30E81AC01A9A00C6A1B3</string>
				<string>BA8F30EA1AC01A9A00C6A1B3</string>
				<string>BA8F30EB1AC01A9A00C6A1B3</string>
				<string>BA8F30ED1AC01A9A00C6A1B3</string>
				<string>BA8F31031AC2A2F600C6A1B3</string>
				<string>BA8F31041AC2A2F600C6A1B3</string>
				<string>BAA0BBF71ACA4E7100DB702A</string>
				<string>BAA0BBF81ACA4E7100DB702A</string>
				<string>BA8F30EE1AC01A9A00C6A1B3</string>
				<string>BA8F30F01AC01A9A00C6A1B3</string>
				<string>BA8F30F11AC01A9A00C6A1B3</string>
				<string>BA8F30F31AC01A9A00C6A1B3</string>
				<string>BA8F30F41AC01A9A00C6A1B3</string>
			</array>
			<key>isa</key>
			<string>PBXGroup</string>
			<key>name</key>
			<string>Controllers</string>
			<key>path</key>
			<string>Controllers</string>
			<key>sourceTree</key>
			<string>&lt;group&gt;</string>
		</dict>
		<key>BA96BD831ACC2F190042ADDB</key>
		<dict>
			<key>children</key>
			<array>
				<string>BA05A7BB1A80FDE90040ED7E</string>
				<string>BA05A7BC1A80FDE90040ED7E</string>
			</array>
			<key>isa</key>
			<string>PBXGroup</string>
			<key>name</key>
			<string>HTTP</string>
			<key>path</key>
			<string>HTTP</string>
			<key>sourceTree</key>
			<string>&lt;group&gt;</string>
		</dict>
		<key>BAA0BBF71ACA4E7100DB702A</key>
		<dict>
			<key>fileEncoding</key>
			<string>4</string>
			<key>isa</key>
			<string>PBXFileReference</string>
			<key>lastKnownFileType</key>
			<string>sourcecode.c.h</string>
			<key>name</key>
			<string>StartViewController.h</string>
			<key>path</key>
			<string>StartViewController.h</string>
			<key>sourceTree</key>
			<string>&lt;group&gt;</string>
		</dict>
		<key>BAA0BBF81ACA4E7100DB702A</key>
		<dict>
			<key>fileEncoding</key>
			<string>4</string>
			<key>isa</key>
			<string>PBXFileReference</string>
			<key>lastKnownFileType</key>
			<string>sourcecode.c.objc</string>
			<key>name</key>
			<string>StartViewController.m</string>
			<key>path</key>
			<string>StartViewController.m</string>
			<key>sourceTree</key>
			<string>&lt;group&gt;</string>
		</dict>
		<key>BAA0BBF91ACA4E7100DB702A</key>
		<dict>
			<key>fileRef</key>
			<string>BAA0BBF81ACA4E7100DB702A</string>
			<key>isa</key>
			<string>PBXBuildFile</string>
		</dict>
		<key>BAA0BBFA1ACA507800DB702A</key>
		<dict>
			<key>fileEncoding</key>
			<string>4</string>
			<key>isa</key>
			<string>PBXFileReference</string>
			<key>lastKnownFileType</key>
			<string>sourcecode.c.h</string>
			<key>path</key>
			<string>DeviceInfo.h</string>
			<key>sourceTree</key>
			<string>&lt;group&gt;</string>
		</dict>
		<key>BAA0BBFB1ACA507800DB702A</key>
		<dict>
			<key>fileEncoding</key>
			<string>4</string>
			<key>isa</key>
			<string>PBXFileReference</string>
			<key>lastKnownFileType</key>
			<string>sourcecode.c.objc</string>
			<key>path</key>
			<string>DeviceInfo.m</string>
			<key>sourceTree</key>
			<string>&lt;group&gt;</string>
		</dict>
		<key>BAA0BBFC1ACA507800DB702A</key>
		<dict>
			<key>fileRef</key>
			<string>BAA0BBFB1ACA507800DB702A</string>
			<key>isa</key>
			<string>PBXBuildFile</string>
		</dict>
		<key>BAD194091ACAEE4500389AA1</key>
		<dict>
			<key>isa</key>
			<string>PBXFileReference</string>
			<key>lastKnownFileType</key>
			<string>wrapper.framework</string>
			<key>name</key>
			<string>CoreData.framework</string>
			<key>path</key>
			<string>System/Library/Frameworks/CoreData.framework</string>
			<key>sourceTree</key>
			<string>SDKROOT</string>
		</dict>
		<key>BAD1940A1ACAEE4500389AA1</key>
		<dict>
			<key>fileRef</key>
			<string>BAD194091ACAEE4500389AA1</string>
			<key>isa</key>
			<string>PBXBuildFile</string>
		</dict>
		<key>BAD1940B1ACAEEFA00389AA1</key>
		<dict>
			<key>children</key>
			<array>
				<string>BAD1940C1ACAEEFA00389AA1</string>
			</array>
			<key>currentVersion</key>
			<string>BAD1940C1ACAEEFA00389AA1</string>
			<key>isa</key>
			<string>XCVersionGroup</string>
			<key>path</key>
			<string>Model.xcdatamodeld</string>
			<key>sourceTree</key>
			<string>&lt;group&gt;</string>
			<key>versionGroupType</key>
			<string>wrapper.xcdatamodel</string>
		</dict>
		<key>BAD1940C1ACAEEFA00389AA1</key>
		<dict>
			<key>isa</key>
			<string>PBXFileReference</string>
			<key>lastKnownFileType</key>
			<string>wrapper.xcdatamodel</string>
			<key>path</key>
			<string>Model.xcdatamodel</string>
			<key>sourceTree</key>
			<string>&lt;group&gt;</string>
		</dict>
		<key>BAD1940D1ACAEEFA00389AA1</key>
		<dict>
			<key>fileRef</key>
			<string>BAD1940B1ACAEEFA00389AA1</string>
			<key>isa</key>
			<string>PBXBuildFile</string>
		</dict>
		<key>BAD1940E1ACAF2B800389AA1</key>
		<dict>
			<key>fileEncoding</key>
			<string>4</string>
			<key>isa</key>
			<string>PBXFileReference</string>
			<key>lastKnownFileType</key>
			<string>sourcecode.c.h</string>
			<key>path</key>
			<string>News.h</string>
			<key>sourceTree</key>
			<string>&lt;group&gt;</string>
		</dict>
		<key>BAD1940F1ACAF2B800389AA1</key>
		<dict>
			<key>fileEncoding</key>
			<string>4</string>
			<key>isa</key>
			<string>PBXFileReference</string>
			<key>lastKnownFileType</key>
			<string>sourcecode.c.objc</string>
			<key>path</key>
			<string>News.m</string>
			<key>sourceTree</key>
			<string>&lt;group&gt;</string>
		</dict>
		<key>BAD194101ACAF2B800389AA1</key>
		<dict>
			<key>fileRef</key>
			<string>BAD1940F1ACAF2B800389AA1</string>
			<key>isa</key>
			<string>PBXBuildFile</string>
		</dict>
		<key>BAD5D6D91A52E03C0009CC5F</key>
		<dict>
			<key>children</key>
			<array>
				<string>BAD5D6E41A52E03C0009CC5F</string>
				<string>BA8F310C1AC5635300C6A1B3</string>
				<string>BAD5D6FE1A52E03C0009CC5F</string>
				<string>BAD5D6E31A52E03C0009CC5F</string>
				<string>D308DE147F5DADD426D22BB4</string>
				<string>DA02936B6D1617D528B45F3A</string>
			</array>
			<key>isa</key>
			<string>PBXGroup</string>
			<key>sourceTree</key>
			<string>&lt;group&gt;</string>
		</dict>
		<key>BAD5D6DA1A52E03C0009CC5F</key>
		<dict>
			<key>attributes</key>
			<dict>
				<key>LastUpgradeCheck</key>
				<string>0610</string>
				<key>ORGANIZATIONNAME</key>
				<string>minghe</string>
				<key>TargetAttributes</key>
				<dict>
					<key>BAD5D6E11A52E03C0009CC5F</key>
					<dict>
						<key>CreatedOnToolsVersion</key>
						<string>6.1.1</string>
					</dict>
					<key>BAD5D6FA1A52E03C0009CC5F</key>
					<dict>
						<key>CreatedOnToolsVersion</key>
						<string>6.1.1</string>
						<key>TestTargetID</key>
						<string>BAD5D6E11A52E03C0009CC5F</string>
					</dict>
				</dict>
			</dict>
			<key>buildConfigurationList</key>
			<string>BAD5D6DD1A52E03C0009CC5F</string>
			<key>compatibilityVersion</key>
			<string>Xcode 3.2</string>
			<key>developmentRegion</key>
			<string>English</string>
			<key>hasScannedForEncodings</key>
			<string>0</string>
			<key>isa</key>
			<string>PBXProject</string>
			<key>knownRegions</key>
			<array>
				<string>en</string>
				<string>Base</string>
			</array>
			<key>mainGroup</key>
			<string>BAD5D6D91A52E03C0009CC5F</string>
			<key>productRefGroup</key>
			<string>BAD5D6E31A52E03C0009CC5F</string>
			<key>projectDirPath</key>
			<string></string>
			<key>projectReferences</key>
			<array/>
			<key>projectRoot</key>
			<string></string>
			<key>targets</key>
			<array>
				<string>BAD5D6E11A52E03C0009CC5F</string>
				<string>BAD5D6FA1A52E03C0009CC5F</string>
			</array>
		</dict>
		<key>BAD5D6DD1A52E03C0009CC5F</key>
		<dict>
			<key>buildConfigurations</key>
			<array>
				<string>BAD5D7031A52E03C0009CC5F</string>
				<string>BAD5D7041A52E03C0009CC5F</string>
			</array>
			<key>defaultConfigurationIsVisible</key>
			<string>0</string>
			<key>defaultConfigurationName</key>
			<string>Release</string>
			<key>isa</key>
			<string>XCConfigurationList</string>
		</dict>
		<key>BAD5D6DE1A52E03C0009CC5F</key>
		<dict>
			<key>buildActionMask</key>
			<string>2147483647</string>
			<key>files</key>
			<array>
				<string>BAD1940D1ACAEEFA00389AA1</string>
				<string>BA8F30FB1AC01A9A00C6A1B3</string>
				<string>BA8F31011AC1AF3000C6A1B3</string>
				<string>BAA0BBFC1ACA507800DB702A</string>
				<string>BAA0BBF91ACA4E7100DB702A</string>
				<string>BA8F30F81AC01A9A00C6A1B3</string>
				<string>BA8F30F51AC01A9A00C6A1B3</string>
				<string>BAD194101ACAF2B800389AA1</string>
				<string>BA8F30FA1AC01A9A00C6A1B3</string>
				<string>BA1DB6911A5FF44700B4E453</string>
				<string>BA146A581ABD929F00D046F3</string>
				<string>BAD5D6E81A52E03C0009CC5F</string>
				<string>BA05A7C81A80FDE90040ED7E</string>
				<string>BA8F30F61AC01A9A00C6A1B3</string>
				<string>BA8F31051AC2A2F600C6A1B3</string>
				<string>BA05A7C71A80FDE90040ED7E</string>
				<string>BA8F30F91AC01A9A00C6A1B3</string>
				<string>BA8F310B1AC53D4600C6A1B3</string>
				<string>BA146A5E1ABEAAD700D046F3</string>
				<string>BA8F30F71AC01A9A00C6A1B3</string>
			</array>
			<key>isa</key>
			<string>PBXSourcesBuildPhase</string>
			<key>runOnlyForDeploymentPostprocessing</key>
			<string>0</string>
		</dict>
		<key>BAD5D6DF1A52E03C0009CC5F</key>
		<dict>
			<key>buildActionMask</key>
			<string>2147483647</string>
			<key>files</key>
			<array>
				<string>BAD1940A1ACAEE4500389AA1</string>
				<string>BA146A601ABF157D00D046F3</string>
				<string>BA1DB6931A5FF87400B4E453</string>
				<string>8B2DDD87A53DAD120976EFE6</string>
			</array>
			<key>isa</key>
			<string>PBXFrameworksBuildPhase</string>
			<key>runOnlyForDeploymentPostprocessing</key>
			<string>0</string>
		</dict>
		<key>BAD5D6E01A52E03C0009CC5F</key>
		<dict>
			<key>buildActionMask</key>
			<string>2147483647</string>
			<key>files</key>
			<array>
				<string>BA8F31121AC56A0300C6A1B3</string>
				<string>BAD5D70B1A52E2780009CC5F</string>
				<string>BAD5D6F31A52E03C0009CC5F</string>
				<string>BA8F31141AC5A47C00C6A1B3</string>
				<string>BA8F31101AC5647000C6A1B3</string>
				<string>BA8F310E1AC5635300C6A1B3</string>
			</array>
			<key>isa</key>
			<string>PBXResourcesBuildPhase</string>
			<key>runOnlyForDeploymentPostprocessing</key>
			<string>0</string>
		</dict>
		<key>BAD5D6E11A52E03C0009CC5F</key>
		<dict>
			<key>buildConfigurationList</key>
			<string>BAD5D7051A52E03C0009CC5F</string>
			<key>buildPhases</key>
			<array>
				<string>DE18FC630DE6F6F18FEEA397</string>
				<string>BAD5D6DE1A52E03C0009CC5F</string>
				<string>BAD5D6DF1A52E03C0009CC5F</string>
				<string>BAD5D6E01A52E03C0009CC5F</string>
				<string>AE0DBDA77E9D3AC987D984EC</string>
			</array>
			<key>buildRules</key>
			<array/>
			<key>dependencies</key>
			<array/>
			<key>isa</key>
			<string>PBXNativeTarget</string>
			<key>name</key>
			<string>iOSonRails</string>
			<key>productName</key>
			<string>iOSonRails</string>
			<key>productReference</key>
			<string>BAD5D6E21A52E03C0009CC5F</string>
			<key>productType</key>
			<string>com.apple.product-type.application</string>
		</dict>
		<key>BAD5D6E21A52E03C0009CC5F</key>
		<dict>
			<key>explicitFileType</key>
			<string>wrapper.application</string>
			<key>includeInIndex</key>
			<string>0</string>
			<key>isa</key>
			<string>PBXFileReference</string>
			<key>path</key>
			<string>iOSonRails.app</string>
			<key>sourceTree</key>
			<string>BUILT_PRODUCTS_DIR</string>
		</dict>
		<key>BAD5D6E31A52E03C0009CC5F</key>
		<dict>
			<key>children</key>
			<array>
				<string>BAD5D6E21A52E03C0009CC5F</string>
				<string>BAD5D6FB1A52E03C0009CC5F</string>
			</array>
			<key>isa</key>
			<string>PBXGroup</string>
			<key>name</key>
			<string>Products</string>
			<key>sourceTree</key>
			<string>&lt;group&gt;</string>
		</dict>
		<key>BAD5D6E41A52E03C0009CC5F</key>
		<dict>
			<key>children</key>
			<array>
				<string>BA05A7B71A80FDE90040ED7E</string>
				<string>BA05A7BA1A80FDE90040ED7E</string>
				<string>BA05A7BD1A80FDE90040ED7E</string>
				<string>BA96BD821ACC2E4C0042ADDB</string>
				<string>BA05A7BF1A80FDE90040ED7E</string>
				<string>BA05A7C21A80FDE90040ED7E</string>
				<string>BAD5D6F21A52E03C0009CC5F</string>
				<string>BAD5D6E51A52E03C0009CC5F</string>
			</array>
			<key>isa</key>
			<string>PBXGroup</string>
			<key>path</key>
			<string>iOSonRails</string>
			<key>sourceTree</key>
			<string>&lt;group&gt;</string>
		</dict>
		<key>BAD5D6E51A52E03C0009CC5F</key>
		<dict>
			<key>children</key>
			<array>
				<string>BAD5D6E61A52E03C0009CC5F</string>
				<string>BAD5D6E71A52E03C0009CC5F</string>
			</array>
			<key>isa</key>
			<string>PBXGroup</string>
			<key>path</key>
			<string>Supporting Files</string>
			<key>sourceTree</key>
			<string>&lt;group&gt;</string>
		</dict>
		<key>BAD5D6E61A52E03C0009CC5F</key>
		<dict>
			<key>isa</key>
			<string>PBXFileReference</string>
			<key>lastKnownFileType</key>
			<string>text.plist.xml</string>
			<key>path</key>
			<string>Info.plist</string>
			<key>sourceTree</key>
			<string>&lt;group&gt;</string>
		</dict>
		<key>BAD5D6E71A52E03C0009CC5F</key>
		<dict>
			<key>isa</key>
			<string>PBXFileReference</string>
			<key>lastKnownFileType</key>
			<string>sourcecode.c.objc</string>
			<key>path</key>
			<string>main.m</string>
			<key>sourceTree</key>
			<string>&lt;group&gt;</string>
		</dict>
		<key>BAD5D6E81A52E03C0009CC5F</key>
		<dict>
			<key>fileRef</key>
			<string>BAD5D6E71A52E03C0009CC5F</string>
			<key>isa</key>
			<string>PBXBuildFile</string>
		</dict>
		<key>BAD5D6F21A52E03C0009CC5F</key>
		<dict>
			<key>isa</key>
			<string>PBXFileReference</string>
			<key>lastKnownFileType</key>
			<string>folder.assetcatalog</string>
			<key>path</key>
			<string>Images.xcassets</string>
			<key>sourceTree</key>
			<string>&lt;group&gt;</string>
		</dict>
		<key>BAD5D6F31A52E03C0009CC5F</key>
		<dict>
			<key>fileRef</key>
			<string>BAD5D6F21A52E03C0009CC5F</string>
			<key>isa</key>
			<string>PBXBuildFile</string>
		</dict>
		<key>BAD5D6F71A52E03C0009CC5F</key>
		<dict>
			<key>buildActionMask</key>
			<string>2147483647</string>
			<key>files</key>
			<array>
				<string>BAD5D7021A52E03C0009CC5F</string>
			</array>
			<key>isa</key>
			<string>PBXSourcesBuildPhase</string>
			<key>runOnlyForDeploymentPostprocessing</key>
			<string>0</string>
		</dict>
		<key>BAD5D6F81A52E03C0009CC5F</key>
		<dict>
			<key>buildActionMask</key>
			<string>2147483647</string>
			<key>files</key>
			<array/>
			<key>isa</key>
			<string>PBXFrameworksBuildPhase</string>
			<key>runOnlyForDeploymentPostprocessing</key>
			<string>0</string>
		</dict>
		<key>BAD5D6F91A52E03C0009CC5F</key>
		<dict>
			<key>buildActionMask</key>
			<string>2147483647</string>
			<key>files</key>
			<array>
				<string>BA146A6B1AC0111800D046F3</string>
			</array>
			<key>isa</key>
			<string>PBXResourcesBuildPhase</string>
			<key>runOnlyForDeploymentPostprocessing</key>
			<string>0</string>
		</dict>
		<key>BAD5D6FA1A52E03C0009CC5F</key>
		<dict>
			<key>buildConfigurationList</key>
			<string>BAD5D7081A52E03C0009CC5F</string>
			<key>buildPhases</key>
			<array>
				<string>BAD5D6F71A52E03C0009CC5F</string>
				<string>BAD5D6F81A52E03C0009CC5F</string>
				<string>BAD5D6F91A52E03C0009CC5F</string>
			</array>
			<key>buildRules</key>
			<array/>
			<key>dependencies</key>
			<array>
				<string>BAD5D6FD1A52E03C0009CC5F</string>
			</array>
			<key>isa</key>
			<string>PBXNativeTarget</string>
			<key>name</key>
			<string>iOSonRailsTests</string>
			<key>productName</key>
			<string>iOSonRailsTests</string>
			<key>productReference</key>
			<string>BAD5D6FB1A52E03C0009CC5F</string>
			<key>productType</key>
			<string>com.apple.product-type.bundle.unit-test</string>
		</dict>
		<key>BAD5D6FB1A52E03C0009CC5F</key>
		<dict>
			<key>explicitFileType</key>
			<string>wrapper.cfbundle</string>
			<key>includeInIndex</key>
			<string>0</string>
			<key>isa</key>
			<string>PBXFileReference</string>
			<key>path</key>
			<string>iOSonRailsTests.xctest</string>
			<key>sourceTree</key>
			<string>BUILT_PRODUCTS_DIR</string>
		</dict>
		<key>BAD5D6FC1A52E03C0009CC5F</key>
		<dict>
			<key>containerPortal</key>
			<string>BAD5D6DA1A52E03C0009CC5F</string>
			<key>isa</key>
			<string>PBXContainerItemProxy</string>
			<key>proxyType</key>
			<string>1</string>
			<key>remoteGlobalIDString</key>
			<string>BAD5D6E11A52E03C0009CC5F</string>
			<key>remoteInfo</key>
			<string>iOSonRails</string>
		</dict>
		<key>BAD5D6FD1A52E03C0009CC5F</key>
		<dict>
			<key>isa</key>
			<string>PBXTargetDependency</string>
			<key>target</key>
			<string>BAD5D6E11A52E03C0009CC5F</string>
			<key>targetProxy</key>
			<string>BAD5D6FC1A52E03C0009CC5F</string>
		</dict>
		<key>BAD5D6FE1A52E03C0009CC5F</key>
		<dict>
			<key>children</key>
			<array>
				<string>BAD5D7011A52E03C0009CC5F</string>
				<string>BAD5D6FF1A52E03C0009CC5F</string>
			</array>
			<key>isa</key>
			<string>PBXGroup</string>
			<key>path</key>
			<string>iOSonRailsTests</string>
			<key>sourceTree</key>
			<string>&lt;group&gt;</string>
		</dict>
		<key>BAD5D6FF1A52E03C0009CC5F</key>
		<dict>
			<key>children</key>
			<array>
				<string>BAD5D7001A52E03C0009CC5F</string>
				<string>BA146A6A1AC0111800D046F3</string>
				<string>BA1DB6921A5FF87400B4E453</string>
			</array>
			<key>isa</key>
			<string>PBXGroup</string>
			<key>path</key>
			<string>Supporting Files</string>
			<key>sourceTree</key>
			<string>&lt;group&gt;</string>
		</dict>
		<key>BAD5D7001A52E03C0009CC5F</key>
		<dict>
			<key>isa</key>
			<string>PBXFileReference</string>
			<key>lastKnownFileType</key>
			<string>text.plist.xml</string>
			<key>path</key>
			<string>Info.plist</string>
			<key>sourceTree</key>
			<string>&lt;group&gt;</string>
		</dict>
		<key>BAD5D7011A52E03C0009CC5F</key>
		<dict>
			<key>isa</key>
			<string>PBXFileReference</string>
			<key>lastKnownFileType</key>
			<string>sourcecode.c.objc</string>
			<key>path</key>
			<string>iOSonRailsTests.m</string>
			<key>sourceTree</key>
			<string>&lt;group&gt;</string>
		</dict>
		<key>BAD5D7021A52E03C0009CC5F</key>
		<dict>
			<key>fileRef</key>
			<string>BAD5D7011A52E03C0009CC5F</string>
			<key>isa</key>
			<string>PBXBuildFile</string>
		</dict>
		<key>BAD5D7031A52E03C0009CC5F</key>
		<dict>
			<key>buildSettings</key>
			<dict>
				<key>ALWAYS_SEARCH_USER_PATHS</key>
				<string>NO</string>
				<key>CLANG_CXX_LANGUAGE_STANDARD</key>
				<string>gnu++0x</string>
				<key>CLANG_CXX_LIBRARY</key>
				<string>libc++</string>
				<key>CLANG_ENABLE_MODULES</key>
				<string>YES</string>
				<key>CLANG_ENABLE_OBJC_ARC</key>
				<string>YES</string>
				<key>CLANG_WARN_BOOL_CONVERSION</key>
				<string>YES</string>
				<key>CLANG_WARN_CONSTANT_CONVERSION</key>
				<string>YES</string>
				<key>CLANG_WARN_DIRECT_OBJC_ISA_USAGE</key>
				<string>YES_ERROR</string>
				<key>CLANG_WARN_EMPTY_BODY</key>
				<string>YES</string>
				<key>CLANG_WARN_ENUM_CONVERSION</key>
				<string>YES</string>
				<key>CLANG_WARN_INT_CONVERSION</key>
				<string>YES</string>
				<key>CLANG_WARN_OBJC_ROOT_CLASS</key>
				<string>YES_ERROR</string>
				<key>CLANG_WARN_UNREACHABLE_CODE</key>
				<string>YES</string>
				<key>CLANG_WARN__DUPLICATE_METHOD_MATCH</key>
				<string>YES</string>
				<key>CODE_SIGN_IDENTITY[sdk=iphoneos*]</key>
				<string>iPhone Developer</string>
				<key>COPY_PHASE_STRIP</key>
				<string>NO</string>
				<key>ENABLE_STRICT_OBJC_MSGSEND</key>
				<string>YES</string>
				<key>GCC_C_LANGUAGE_STANDARD</key>
				<string>gnu99</string>
				<key>GCC_DYNAMIC_NO_PIC</key>
				<string>NO</string>
				<key>GCC_OPTIMIZATION_LEVEL</key>
				<string>0</string>
				<key>GCC_PREPROCESSOR_DEFINITIONS</key>
				<array>
					<string>DEBUG=1</string>
					<string>$(inherited)</string>
				</array>
				<key>GCC_SYMBOLS_PRIVATE_EXTERN</key>
				<string>NO</string>
				<key>GCC_WARN_64_TO_32_BIT_CONVERSION</key>
				<string>YES</string>
				<key>GCC_WARN_ABOUT_RETURN_TYPE</key>
				<string>YES_ERROR</string>
				<key>GCC_WARN_UNDECLARED_SELECTOR</key>
				<string>YES</string>
				<key>GCC_WARN_UNINITIALIZED_AUTOS</key>
				<string>YES_AGGRESSIVE</string>
				<key>GCC_WARN_UNUSED_FUNCTION</key>
				<string>YES</string>
				<key>GCC_WARN_UNUSED_VARIABLE</key>
				<string>YES</string>
				<key>IPHONEOS_DEPLOYMENT_TARGET</key>
				<string>8.1</string>
				<key>MTL_ENABLE_DEBUG_INFO</key>
				<string>YES</string>
				<key>ONLY_ACTIVE_ARCH</key>
				<string>YES</string>
				<key>SDKROOT</key>
				<string>iphoneos</string>
				<key>TARGETED_DEVICE_FAMILY</key>
				<string>1,2</string>
			</dict>
			<key>isa</key>
			<string>XCBuildConfiguration</string>
			<key>name</key>
			<string>Debug</string>
		</dict>
		<key>BAD5D7041A52E03C0009CC5F</key>
		<dict>
			<key>buildSettings</key>
			<dict>
				<key>ALWAYS_SEARCH_USER_PATHS</key>
				<string>NO</string>
				<key>CLANG_CXX_LANGUAGE_STANDARD</key>
				<string>gnu++0x</string>
				<key>CLANG_CXX_LIBRARY</key>
				<string>libc++</string>
				<key>CLANG_ENABLE_MODULES</key>
				<string>YES</string>
				<key>CLANG_ENABLE_OBJC_ARC</key>
				<string>YES</string>
				<key>CLANG_WARN_BOOL_CONVERSION</key>
				<string>YES</string>
				<key>CLANG_WARN_CONSTANT_CONVERSION</key>
				<string>YES</string>
				<key>CLANG_WARN_DIRECT_OBJC_ISA_USAGE</key>
				<string>YES_ERROR</string>
				<key>CLANG_WARN_EMPTY_BODY</key>
				<string>YES</string>
				<key>CLANG_WARN_ENUM_CONVERSION</key>
				<string>YES</string>
				<key>CLANG_WARN_INT_CONVERSION</key>
				<string>YES</string>
				<key>CLANG_WARN_OBJC_ROOT_CLASS</key>
				<string>YES_ERROR</string>
				<key>CLANG_WARN_UNREACHABLE_CODE</key>
				<string>YES</string>
				<key>CLANG_WARN__DUPLICATE_METHOD_MATCH</key>
				<string>YES</string>
				<key>CODE_SIGN_IDENTITY[sdk=iphoneos*]</key>
				<string>iPhone Developer</string>
				<key>COPY_PHASE_STRIP</key>
				<string>YES</string>
				<key>ENABLE_NS_ASSERTIONS</key>
				<string>NO</string>
				<key>ENABLE_STRICT_OBJC_MSGSEND</key>
				<string>YES</string>
				<key>GCC_C_LANGUAGE_STANDARD</key>
				<string>gnu99</string>
				<key>GCC_WARN_64_TO_32_BIT_CONVERSION</key>
				<string>YES</string>
				<key>GCC_WARN_ABOUT_RETURN_TYPE</key>
				<string>YES_ERROR</string>
				<key>GCC_WARN_UNDECLARED_SELECTOR</key>
				<string>YES</string>
				<key>GCC_WARN_UNINITIALIZED_AUTOS</key>
				<string>YES_AGGRESSIVE</string>
				<key>GCC_WARN_UNUSED_FUNCTION</key>
				<string>YES</string>
				<key>GCC_WARN_UNUSED_VARIABLE</key>
				<string>YES</string>
				<key>IPHONEOS_DEPLOYMENT_TARGET</key>
				<string>8.1</string>
				<key>MTL_ENABLE_DEBUG_INFO</key>
				<string>NO</string>
				<key>SDKROOT</key>
				<string>iphoneos</string>
				<key>TARGETED_DEVICE_FAMILY</key>
				<string>1,2</string>
				<key>VALIDATE_PRODUCT</key>
				<string>YES</string>
			</dict>
			<key>isa</key>
			<string>XCBuildConfiguration</string>
			<key>name</key>
			<string>Release</string>
		</dict>
		<key>BAD5D7051A52E03C0009CC5F</key>
		<dict>
			<key>buildConfigurations</key>
			<array>
				<string>BAD5D7061A52E03C0009CC5F</string>
				<string>BAD5D7071A52E03C0009CC5F</string>
			</array>
			<key>defaultConfigurationIsVisible</key>
			<string>0</string>
			<key>defaultConfigurationName</key>
			<string>Release</string>
			<key>isa</key>
			<string>XCConfigurationList</string>
		</dict>
		<key>BAD5D7061A52E03C0009CC5F</key>
		<dict>
			<key>baseConfigurationReference</key>
			<string>C8C6597F878D88F0DABEB5FB</string>
			<key>buildSettings</key>
			<dict>
				<key>ASSETCATALOG_COMPILER_APPICON_NAME</key>
				<string>AppIcon</string>
				<key>INFOPLIST_FILE</key>
				<string>iOSonRails/Supporting Files/Info.plist</string>
				<key>IPHONEOS_DEPLOYMENT_TARGET</key>
				<string>7.0</string>
				<key>LD_RUNPATH_SEARCH_PATHS</key>
				<string>$(inherited) @executable_path/Frameworks</string>
				<key>PRODUCT_NAME</key>
				<string>$(TARGET_NAME)</string>
			</dict>
			<key>isa</key>
			<string>XCBuildConfiguration</string>
			<key>name</key>
			<string>Debug</string>
		</dict>
		<key>BAD5D7071A52E03C0009CC5F</key>
		<dict>
			<key>baseConfigurationReference</key>
			<string>9FABE1F2DF8E5C107F17CBF6</string>
			<key>buildSettings</key>
			<dict>
				<key>ASSETCATALOG_COMPILER_APPICON_NAME</key>
				<string>AppIcon</string>
				<key>INFOPLIST_FILE</key>
				<string>iOSonRails/Supporting Files/Info.plist</string>
				<key>IPHONEOS_DEPLOYMENT_TARGET</key>
				<string>7.0</string>
				<key>LD_RUNPATH_SEARCH_PATHS</key>
				<string>$(inherited) @executable_path/Frameworks</string>
				<key>PRODUCT_NAME</key>
				<string>$(TARGET_NAME)</string>
			</dict>
			<key>isa</key>
			<string>XCBuildConfiguration</string>
			<key>name</key>
			<string>Release</string>
		</dict>
		<key>BAD5D7081A52E03C0009CC5F</key>
		<dict>
			<key>buildConfigurations</key>
			<array>
				<string>BAD5D7091A52E03C0009CC5F</string>
				<string>BAD5D70A1A52E03C0009CC5F</string>
			</array>
			<key>defaultConfigurationIsVisible</key>
			<string>0</string>
			<key>defaultConfigurationName</key>
			<string>Release</string>
			<key>isa</key>
			<string>XCConfigurationList</string>
		</dict>
		<key>BAD5D7091A52E03C0009CC5F</key>
		<dict>
			<key>buildSettings</key>
			<dict>
				<key>BUNDLE_LOADER</key>
				<string>$(TEST_HOST)</string>
				<key>FRAMEWORK_SEARCH_PATHS</key>
				<array>
					<string>$(SDKROOT)/Developer/Library/Frameworks</string>
					<string>$(inherited)</string>
				</array>
				<key>GCC_PREPROCESSOR_DEFINITIONS</key>
				<array>
					<string>DEBUG=1</string>
					<string>$(inherited)</string>
				</array>
				<key>INFOPLIST_FILE</key>
				<string>iOSonRailsTests/Supporting Files/Info.plist</string>
				<key>LD_RUNPATH_SEARCH_PATHS</key>
				<string>$(inherited) @executable_path/Frameworks @loader_path/Frameworks</string>
				<key>PRODUCT_NAME</key>
				<string>$(TARGET_NAME)</string>
				<key>TEST_HOST</key>
				<string>$(BUILT_PRODUCTS_DIR)/iOSonRails.app/iOSonRails</string>
			</dict>
			<key>isa</key>
			<string>XCBuildConfiguration</string>
			<key>name</key>
			<string>Debug</string>
		</dict>
		<key>BAD5D70A1A52E03C0009CC5F</key>
		<dict>
			<key>buildSettings</key>
			<dict>
				<key>BUNDLE_LOADER</key>
				<string>$(TEST_HOST)</string>
				<key>FRAMEWORK_SEARCH_PATHS</key>
				<array>
					<string>$(SDKROOT)/Developer/Library/Frameworks</string>
					<string>$(inherited)</string>
				</array>
				<key>INFOPLIST_FILE</key>
				<string>iOSonRailsTests/Supporting Files/Info.plist</string>
				<key>LD_RUNPATH_SEARCH_PATHS</key>
				<string>$(inherited) @executable_path/Frameworks @loader_path/Frameworks</string>
				<key>PRODUCT_NAME</key>
				<string>$(TARGET_NAME)</string>
				<key>TEST_HOST</key>
				<string>$(BUILT_PRODUCTS_DIR)/iOSonRails.app/iOSonRails</string>
			</dict>
			<key>isa</key>
			<string>XCBuildConfiguration</string>
			<key>name</key>
			<string>Release</string>
		</dict>
		<key>BAD5D70B1A52E2780009CC5F</key>
		<dict>
			<key>fileRef</key>
			<string>BAD5D6E61A52E03C0009CC5F</string>
			<key>isa</key>
			<string>PBXBuildFile</string>
		</dict>
		<key>C8C6597F878D88F0DABEB5FB</key>
		<dict>
			<key>includeInIndex</key>
			<string>1</string>
			<key>isa</key>
			<string>PBXFileReference</string>
			<key>lastKnownFileType</key>
			<string>text.xcconfig</string>
			<key>name</key>
			<string>Pods-iOSonRails.debug.xcconfig</string>
			<key>path</key>
			<string>Pods/Target Support Files/Pods-iOSonRails/Pods-iOSonRails.debug.xcconfig</string>
			<key>sourceTree</key>
			<string>&lt;group&gt;</string>
		</dict>
		<key>D308DE147F5DADD426D22BB4</key>
		<dict>
			<key>children</key>
			<array>
				<string>C8C6597F878D88F0DABEB5FB</string>
				<string>9FABE1F2DF8E5C107F17CBF6</string>
			</array>
			<key>isa</key>
			<string>PBXGroup</string>
			<key>name</key>
			<string>Pods</string>
			<key>sourceTree</key>
			<string>&lt;group&gt;</string>
		</dict>
		<key>DA02936B6D1617D528B45F3A</key>
		<dict>
			<key>children</key>
			<array>
				<string>BAD194091ACAEE4500389AA1</string>
				<string>BA146A5F1ABF157D00D046F3</string>
				<string>90CD7E7EF8EA12AFB12922DF</string>
			</array>
			<key>isa</key>
			<string>PBXGroup</string>
			<key>name</key>
			<string>Frameworks</string>
			<key>sourceTree</key>
			<string>&lt;group&gt;</string>
		</dict>
		<key>DE18FC630DE6F6F18FEEA397</key>
		<dict>
			<key>buildActionMask</key>
			<string>2147483647</string>
			<key>files</key>
			<array/>
			<key>inputPaths</key>
			<array/>
			<key>isa</key>
			<string>PBXShellScriptBuildPhase</string>
			<key>name</key>
			<string>Check Pods Manifest.lock</string>
			<key>outputPaths</key>
			<array/>
			<key>runOnlyForDeploymentPostprocessing</key>
			<string>0</string>
			<key>shellPath</key>
			<string>/bin/sh</string>
			<key>shellScript</key>
			<string>diff "${PODS_ROOT}/../Podfile.lock" "${PODS_ROOT}/Manifest.lock" &gt; /dev/null
if [[ $? != 0 ]] ; then
    cat &lt;&lt; EOM
error: The sandbox is not in sync with the Podfile.lock. Run 'pod install' or update your CocoaPods installation.
EOM
    exit 1
fi
</string>
			<key>showEnvVarsInLog</key>
			<string>0</string>
		</dict>
	</dict>
	<key>rootObject</key>
	<string>BAD5D6DA1A52E03C0009CC5F</string>
</dict>
</plist>
