// !$*UTF8*$!
{
	archiveVersion = 1;
	classes = {
	};
	objectVersion = 46;
	objects = {

/* Begin PBXBuildFile section */
		8B2DDD87A53DAD120976EFE6 /* libPods-iOSonRails.a in Frameworks */ = {isa = PBXBuildFile; fileRef = 90CD7E7EF8EA12AFB12922DF /* libPods-iOSonRails.a */; };
		BA05A7C71A80FDE90040ED7E /* AppDelegate.m in Sources */ = {isa = PBXBuildFile; fileRef = BA05A7B91A80FDE90040ED7E /* AppDelegate.m */; };
		BA05A7C81A80FDE90040ED7E /* HTTPClient.m in Sources */ = {isa = PBXBuildFile; fileRef = BA05A7BC1A80FDE90040ED7E /* HTTPClient.m */; };
		BA05A7C91A80FDE90040ED7E /* News.m in Sources */ = {isa = PBXBuildFile; fileRef = BA05A7C11A80FDE90040ED7E /* News.m */; };
		BA05A7CA1A80FDE90040ED7E /* NewsListCell.m in Sources */ = {isa = PBXBuildFile; fileRef = BA05A7C41A80FDE90040ED7E /* NewsListCell.m */; };
		BA05A7CB1A80FDE90040ED7E /* NewsListViewController.m in Sources */ = {isa = PBXBuildFile; fileRef = BA05A7C61A80FDE90040ED7E /* NewsListViewController.m */; };
		BA146A581ABD929F00D046F3 /* NavViewController.m in Sources */ = {isa = PBXBuildFile; fileRef = BA146A571ABD929F00D046F3 /* NavViewController.m */; };
		BA146A5E1ABEAAD700D046F3 /* NavSubView.m in Sources */ = {isa = PBXBuildFile; fileRef = BA146A5D1ABEAAD600D046F3 /* NavSubView.m */; };
		BA146A601ABF157D00D046F3 /* CoreMotion.framework in Frameworks */ = {isa = PBXBuildFile; fileRef = BA146A5F1ABF157D00D046F3 /* CoreMotion.framework */; };
		BA146A6B1AC0111800D046F3 /* main.storyboard in Resources */ = {isa = PBXBuildFile; fileRef = BA146A6A1AC0111800D046F3 /* main.storyboard */; };
		BA1DB6911A5FF44700B4E453 /* UserManager.m in Sources */ = {isa = PBXBuildFile; fileRef = BA1DB6901A5FF44700B4E453 /* UserManager.m */; };
		BA1DB6931A5FF87400B4E453 /* Security.framework in Frameworks */ = {isa = PBXBuildFile; fileRef = BA1DB6921A5FF87400B4E453 /* Security.framework */; };
		BA8F30F51AC01A9A00C6A1B3 /* AIViewController.m in Sources */ = {isa = PBXBuildFile; fileRef = BA8F30E21AC01A9A00C6A1B3 /* AIViewController.m */; };
		BA8F30F61AC01A9A00C6A1B3 /* EViewController.m in Sources */ = {isa = PBXBuildFile; fileRef = BA8F30E51AC01A9A00C6A1B3 /* EViewController.m */; };
		BA8F30F71AC01A9A00C6A1B3 /* HaoViewController.m in Sources */ = {isa = PBXBuildFile; fileRef = BA8F30E81AC01A9A00C6A1B3 /* HaoViewController.m */; };
		BA8F30F81AC01A9A00C6A1B3 /* JingViewController.m in Sources */ = {isa = PBXBuildFile; fileRef = BA8F30EB1AC01A9A00C6A1B3 /* JingViewController.m */; };
		BA8F30F91AC01A9A00C6A1B3 /* JuViewController.m in Sources */ = {isa = PBXBuildFile; fileRef = BA8F30EE1AC01A9A00C6A1B3 /* JuViewController.m */; };
		BA8F30FA1AC01A9A00C6A1B3 /* LeViewController.m in Sources */ = {isa = PBXBuildFile; fileRef = BA8F30F11AC01A9A00C6A1B3 /* LeViewController.m */; };
		BA8F30FB1AC01A9A00C6A1B3 /* NuViewController.m in Sources */ = {isa = PBXBuildFile; fileRef = BA8F30F41AC01A9A00C6A1B3 /* NuViewController.m */; };
		BAD5D6E81A52E03C0009CC5F /* main.m in Sources */ = {isa = PBXBuildFile; fileRef = BAD5D6E71A52E03C0009CC5F /* main.m */; };
		BAD5D6F31A52E03C0009CC5F /* Images.xcassets in Resources */ = {isa = PBXBuildFile; fileRef = BAD5D6F21A52E03C0009CC5F /* Images.xcassets */; };
		BAD5D7021A52E03C0009CC5F /* iOSonRailsTests.m in Sources */ = {isa = PBXBuildFile; fileRef = BAD5D7011A52E03C0009CC5F /* iOSonRailsTests.m */; };
		BAD5D70B1A52E2780009CC5F /* Info.plist in Resources */ = {isa = PBXBuildFile; fileRef = BAD5D6E61A52E03C0009CC5F /* Info.plist */; };
/* End PBXBuildFile section */

/* Begin PBXContainerItemProxy section */
		BAD5D6FC1A52E03C0009CC5F /* PBXContainerItemProxy */ = {
			isa = PBXContainerItemProxy;
			containerPortal = BAD5D6DA1A52E03C0009CC5F /* Project object */;
			proxyType = 1;
			remoteGlobalIDString = BAD5D6E11A52E03C0009CC5F;
			remoteInfo = iOSonRails;
		};
/* End PBXContainerItemProxy section */

/* Begin PBXFileReference section */
		90CD7E7EF8EA12AFB12922DF /* libPods-iOSonRails.a */ = {isa = PBXFileReference; explicitFileType = archive.ar; includeInIndex = 0; path = "libPods-iOSonRails.a"; sourceTree = BUILT_PRODUCTS_DIR; };
		9FABE1F2DF8E5C107F17CBF6 /* Pods-iOSonRails.release.xcconfig */ = {isa = PBXFileReference; includeInIndex = 1; lastKnownFileType = text.xcconfig; name = "Pods-iOSonRails.release.xcconfig"; path = "Pods/Target Support Files/Pods-iOSonRails/Pods-iOSonRails.release.xcconfig"; sourceTree = "<group>"; };
		BA05A7B81A80FDE90040ED7E /* AppDelegate.h */ = {isa = PBXFileReference; fileEncoding = 4; lastKnownFileType = sourcecode.c.h; path = AppDelegate.h; sourceTree = "<group>"; };
		BA05A7B91A80FDE90040ED7E /* AppDelegate.m */ = {isa = PBXFileReference; fileEncoding = 4; lastKnownFileType = sourcecode.c.objc; path = AppDelegate.m; sourceTree = "<group>"; };
		BA05A7BB1A80FDE90040ED7E /* HTTPClient.h */ = {isa = PBXFileReference; fileEncoding = 4; lastKnownFileType = sourcecode.c.h; path = HTTPClient.h; sourceTree = "<group>"; };
		BA05A7BC1A80FDE90040ED7E /* HTTPClient.m */ = {isa = PBXFileReference; fileEncoding = 4; lastKnownFileType = sourcecode.c.objc; path = HTTPClient.m; sourceTree = "<group>"; };
		BA05A7BE1A80FDE90040ED7E /* Macro.h */ = {isa = PBXFileReference; fileEncoding = 4; lastKnownFileType = sourcecode.c.h; path = Macro.h; sourceTree = "<group>"; };
		BA05A7C01A80FDE90040ED7E /* News.h */ = {isa = PBXFileReference; fileEncoding = 4; lastKnownFileType = sourcecode.c.h; path = News.h; sourceTree = "<group>"; };
		BA05A7C11A80FDE90040ED7E /* News.m */ = {isa = PBXFileReference; fileEncoding = 4; lastKnownFileType = sourcecode.c.objc; path = News.m; sourceTree = "<group>"; };
		BA05A7C31A80FDE90040ED7E /* NewsListCell.h */ = {isa = PBXFileReference; fileEncoding = 4; lastKnownFileType = sourcecode.c.h; path = NewsListCell.h; sourceTree = "<group>"; };
		BA05A7C41A80FDE90040ED7E /* NewsListCell.m */ = {isa = PBXFileReference; fileEncoding = 4; lastKnownFileType = sourcecode.c.objc; path = NewsListCell.m; sourceTree = "<group>"; };
		BA05A7C51A80FDE90040ED7E /* NewsListViewController.h */ = {isa = PBXFileReference; fileEncoding = 4; lastKnownFileType = sourcecode.c.h; path = NewsListViewController.h; sourceTree = "<group>"; };
		BA05A7C61A80FDE90040ED7E /* NewsListViewController.m */ = {isa = PBXFileReference; fileEncoding = 4; lastKnownFileType = sourcecode.c.objc; path = NewsListViewController.m; sourceTree = "<group>"; };
		BA146A561ABD929F00D046F3 /* NavViewController.h */ = {isa = PBXFileReference; fileEncoding = 4; lastKnownFileType = sourcecode.c.h; path = NavViewController.h; sourceTree = "<group>"; };
		BA146A571ABD929F00D046F3 /* NavViewController.m */ = {isa = PBXFileReference; fileEncoding = 4; lastKnownFileType = sourcecode.c.objc; path = NavViewController.m; sourceTree = "<group>"; };
		BA146A5C1ABEAAD600D046F3 /* NavSubView.h */ = {isa = PBXFileReference; fileEncoding = 4; lastKnownFileType = sourcecode.c.h; path = NavSubView.h; sourceTree = "<group>"; };
		BA146A5D1ABEAAD600D046F3 /* NavSubView.m */ = {isa = PBXFileReference; fileEncoding = 4; lastKnownFileType = sourcecode.c.objc; path = NavSubView.m; sourceTree = "<group>"; };
		BA146A5F1ABF157D00D046F3 /* CoreMotion.framework */ = {isa = PBXFileReference; lastKnownFileType = wrapper.framework; name = CoreMotion.framework; path = System/Library/Frameworks/CoreMotion.framework; sourceTree = SDKROOT; };
		BA146A6A1AC0111800D046F3 /* main.storyboard */ = {isa = PBXFileReference; fileEncoding = 4; lastKnownFileType = file.storyboard; path = main.storyboard; sourceTree = "<group>"; };
		BA1DB68F1A5FF44700B4E453 /* UserManager.h */ = {isa = PBXFileReference; fileEncoding = 4; lastKnownFileType = sourcecode.c.h; path = UserManager.h; sourceTree = "<group>"; };
		BA1DB6901A5FF44700B4E453 /* UserManager.m */ = {isa = PBXFileReference; fileEncoding = 4; lastKnownFileType = sourcecode.c.objc; path = UserManager.m; sourceTree = "<group>"; };
		BA1DB6921A5FF87400B4E453 /* Security.framework */ = {isa = PBXFileReference; lastKnownFileType = wrapper.framework; name = Security.framework; path = System/Library/Frameworks/Security.framework; sourceTree = SDKROOT; };
		BA8F30E11AC01A9A00C6A1B3 /* AiViewController.h */ = {isa = PBXFileReference; fileEncoding = 4; lastKnownFileType = sourcecode.c.h; path = AiViewController.h; sourceTree = "<group>"; };
		BA8F30E21AC01A9A00C6A1B3 /* AIViewController.m */ = {isa = PBXFileReference; fileEncoding = 4; lastKnownFileType = sourcecode.c.objc; path = AIViewController.m; sourceTree = "<group>"; };
		BA8F30E41AC01A9A00C6A1B3 /* EViewController.h */ = {isa = PBXFileReference; fileEncoding = 4; lastKnownFileType = sourcecode.c.h; path = EViewController.h; sourceTree = "<group>"; };
		BA8F30E51AC01A9A00C6A1B3 /* EViewController.m */ = {isa = PBXFileReference; fileEncoding = 4; lastKnownFileType = sourcecode.c.objc; path = EViewController.m; sourceTree = "<group>"; };
		BA8F30E71AC01A9A00C6A1B3 /* HaoViewController.h */ = {isa = PBXFileReference; fileEncoding = 4; lastKnownFileType = sourcecode.c.h; path = HaoViewController.h; sourceTree = "<group>"; };
		BA8F30E81AC01A9A00C6A1B3 /* HaoViewController.m */ = {isa = PBXFileReference; fileEncoding = 4; lastKnownFileType = sourcecode.c.objc; path = HaoViewController.m; sourceTree = "<group>"; };
		BA8F30EA1AC01A9A00C6A1B3 /* JingViewController.h */ = {isa = PBXFileReference; fileEncoding = 4; lastKnownFileType = sourcecode.c.h; path = JingViewController.h; sourceTree = "<group>"; };
		BA8F30EB1AC01A9A00C6A1B3 /* JingViewController.m */ = {isa = PBXFileReference; fileEncoding = 4; lastKnownFileType = sourcecode.c.objc; path = JingViewController.m; sourceTree = "<group>"; };
		BA8F30ED1AC01A9A00C6A1B3 /* JuViewController.h */ = {isa = PBXFileReference; fileEncoding = 4; lastKnownFileType = sourcecode.c.h; path = JuViewController.h; sourceTree = "<group>"; };
		BA8F30EE1AC01A9A00C6A1B3 /* JuViewController.m */ = {isa = PBXFileReference; fileEncoding = 4; lastKnownFileType = sourcecode.c.objc; path = JuViewController.m; sourceTree = "<group>"; };
		BA8F30F01AC01A9A00C6A1B3 /* LeViewController.h */ = {isa = PBXFileReference; fileEncoding = 4; lastKnownFileType = sourcecode.c.h; path = LeViewController.h; sourceTree = "<group>"; };
		BA8F30F11AC01A9A00C6A1B3 /* LeViewController.m */ = {isa = PBXFileReference; fileEncoding = 4; lastKnownFileType = sourcecode.c.objc; path = LeViewController.m; sourceTree = "<group>"; };
		BA8F30F31AC01A9A00C6A1B3 /* NuViewController.h */ = {isa = PBXFileReference; fileEncoding = 4; lastKnownFileType = sourcecode.c.h; path = NuViewController.h; sourceTree = "<group>"; };
		BA8F30F41AC01A9A00C6A1B3 /* NuViewController.m */ = {isa = PBXFileReference; fileEncoding = 4; lastKnownFileType = sourcecode.c.objc; path = NuViewController.m; sourceTree = "<group>"; };
		BAD5D6E21A52E03C0009CC5F /* iOSonRails.app */ = {isa = PBXFileReference; explicitFileType = wrapper.application; includeInIndex = 0; path = iOSonRails.app; sourceTree = BUILT_PRODUCTS_DIR; };
		BAD5D6E61A52E03C0009CC5F /* Info.plist */ = {isa = PBXFileReference; lastKnownFileType = text.plist.xml; path = Info.plist; sourceTree = "<group>"; };
		BAD5D6E71A52E03C0009CC5F /* main.m */ = {isa = PBXFileReference; lastKnownFileType = sourcecode.c.objc; path = main.m; sourceTree = "<group>"; };
		BAD5D6F21A52E03C0009CC5F /* Images.xcassets */ = {isa = PBXFileReference; lastKnownFileType = folder.assetcatalog; path = Images.xcassets; sourceTree = "<group>"; };
		BAD5D6FB1A52E03C0009CC5F /* iOSonRailsTests.xctest */ = {isa = PBXFileReference; explicitFileType = wrapper.cfbundle; includeInIndex = 0; path = iOSonRailsTests.xctest; sourceTree = BUILT_PRODUCTS_DIR; };
		BAD5D7001A52E03C0009CC5F /* Info.plist */ = {isa = PBXFileReference; lastKnownFileType = text.plist.xml; path = Info.plist; sourceTree = "<group>"; };
		BAD5D7011A52E03C0009CC5F /* iOSonRailsTests.m */ = {isa = PBXFileReference; lastKnownFileType = sourcecode.c.objc; path = iOSonRailsTests.m; sourceTree = "<group>"; };
		C8C6597F878D88F0DABEB5FB /* Pods-iOSonRails.debug.xcconfig */ = {isa = PBXFileReference; includeInIndex = 1; lastKnownFileType = text.xcconfig; name = "Pods-iOSonRails.debug.xcconfig"; path = "Pods/Target Support Files/Pods-iOSonRails/Pods-iOSonRails.debug.xcconfig"; sourceTree = "<group>"; };
/* End PBXFileReference section */

/* Begin PBXFrameworksBuildPhase section */
		BAD5D6DF1A52E03C0009CC5F /* Frameworks */ = {
			isa = PBXFrameworksBuildPhase;
			buildActionMask = 2147483647;
			files = (
				BA146A601ABF157D00D046F3 /* CoreMotion.framework in Frameworks */,
				BA1DB6931A5FF87400B4E453 /* Security.framework in Frameworks */,
				8B2DDD87A53DAD120976EFE6 /* libPods-iOSonRails.a in Frameworks */,
			);
			runOnlyForDeploymentPostprocessing = 0;
		};
		BAD5D6F81A52E03C0009CC5F /* Frameworks */ = {
			isa = PBXFrameworksBuildPhase;
			buildActionMask = 2147483647;
			files = (
			);
			runOnlyForDeploymentPostprocessing = 0;
		};
/* End PBXFrameworksBuildPhase section */

/* Begin PBXGroup section */
		BA05A7B71A80FDE90040ED7E /* AppDelegate */ = {
			isa = PBXGroup;
			children = (
				BA05A7B81A80FDE90040ED7E /* AppDelegate.h */,
				BA05A7B91A80FDE90040ED7E /* AppDelegate.m */,
			);
			path = AppDelegate;
			sourceTree = "<group>";
		};
		BA05A7BA1A80FDE90040ED7E /* Helper */ = {
			isa = PBXGroup;
			children = (
				BA05A7BB1A80FDE90040ED7E /* HTTPClient.h */,
				BA05A7BC1A80FDE90040ED7E /* HTTPClient.m */,
			);
			path = Helper;
			sourceTree = "<group>";
		};
		BA05A7BD1A80FDE90040ED7E /* Macro */ = {
			isa = PBXGroup;
			children = (
				BA05A7BE1A80FDE90040ED7E /* Macro.h */,
			);
			path = Macro;
			sourceTree = "<group>";
		};
		BA05A7BF1A80FDE90040ED7E /* Model */ = {
			isa = PBXGroup;
			children = (
				BA05A7C01A80FDE90040ED7E /* News.h */,
				BA05A7C11A80FDE90040ED7E /* News.m */,
			);
			path = Model;
			sourceTree = "<group>";
		};
		BA05A7C21A80FDE90040ED7E /* View */ = {
			isa = PBXGroup;
			children = (
				BA146A611AC0002A00D046F3 /* ListView */,
				BA146A551ABD49A300D046F3 /* NavView */,
			);
			path = View;
			sourceTree = "<group>";
		};
		BA146A551ABD49A300D046F3 /* NavView */ = {
			isa = PBXGroup;
			children = (
				BA8F30E01AC01A9A00C6A1B3 /* AiView */,
				BA8F30E31AC01A9A00C6A1B3 /* Eview */,
				BA8F30E61AC01A9A00C6A1B3 /* HaoView */,
				BA8F30E91AC01A9A00C6A1B3 /* JingView */,
				BA8F30EC1AC01A9A00C6A1B3 /* JuView */,
				BA8F30EF1AC01A9A00C6A1B3 /* LeView */,
				BA8F30F21AC01A9A00C6A1B3 /* NuView */,
				BA146A5C1ABEAAD600D046F3 /* NavSubView.h */,
				BA146A5D1ABEAAD600D046F3 /* NavSubView.m */,
				BA146A561ABD929F00D046F3 /* NavViewController.h */,
				BA146A571ABD929F00D046F3 /* NavViewController.m */,
			);
			path = NavView;
			sourceTree = "<group>";
		};
		BA146A611AC0002A00D046F3 /* ListView */ = {
			isa = PBXGroup;
			children = (
				BA05A7C31A80FDE90040ED7E /* NewsListCell.h */,
				BA05A7C41A80FDE90040ED7E /* NewsListCell.m */,
				BA05A7C51A80FDE90040ED7E /* NewsListViewController.h */,
				BA05A7C61A80FDE90040ED7E /* NewsListViewController.m */,
			);
			path = ListView;
			sourceTree = "<group>";
		};
		BA8F30E01AC01A9A00C6A1B3 /* AiView */ = {
			isa = PBXGroup;
			children = (
				BA8F30E11AC01A9A00C6A1B3 /* AiViewController.h */,
				BA8F30E21AC01A9A00C6A1B3 /* AIViewController.m */,
			);
			path = AiView;
			sourceTree = "<group>";
		};
		BA8F30E31AC01A9A00C6A1B3 /* Eview */ = {
			isa = PBXGroup;
			children = (
				BA8F30E41AC01A9A00C6A1B3 /* EViewController.h */,
				BA8F30E51AC01A9A00C6A1B3 /* EViewController.m */,
			);
			path = Eview;
			sourceTree = "<group>";
		};
		BA8F30E61AC01A9A00C6A1B3 /* HaoView */ = {
			isa = PBXGroup;
			children = (
				BA8F30E71AC01A9A00C6A1B3 /* HaoViewController.h */,
				BA8F30E81AC01A9A00C6A1B3 /* HaoViewController.m */,
			);
			path = HaoView;
			sourceTree = "<group>";
		};
		BA8F30E91AC01A9A00C6A1B3 /* JingView */ = {
			isa = PBXGroup;
			children = (
				BA8F30EA1AC01A9A00C6A1B3 /* JingViewController.h */,
				BA8F30EB1AC01A9A00C6A1B3 /* JingViewController.m */,
			);
			path = JingView;
			sourceTree = "<group>";
		};
		BA8F30EC1AC01A9A00C6A1B3 /* JuView */ = {
			isa = PBXGroup;
			children = (
				BA8F30ED1AC01A9A00C6A1B3 /* JuViewController.h */,
				BA8F30EE1AC01A9A00C6A1B3 /* JuViewController.m */,
			);
			path = JuView;
			sourceTree = "<group>";
		};
		BA8F30EF1AC01A9A00C6A1B3 /* LeView */ = {
			isa = PBXGroup;
			children = (
				BA8F30F01AC01A9A00C6A1B3 /* LeViewController.h */,
				BA8F30F11AC01A9A00C6A1B3 /* LeViewController.m */,
			);
			path = LeView;
			sourceTree = "<group>";
		};
		BA8F30F21AC01A9A00C6A1B3 /* NuView */ = {
			isa = PBXGroup;
			children = (
				BA8F30F31AC01A9A00C6A1B3 /* NuViewController.h */,
				BA8F30F41AC01A9A00C6A1B3 /* NuViewController.m */,
			);
			path = NuView;
			sourceTree = "<group>";
		};
		BAD5D6D91A52E03C0009CC5F = {
			isa = PBXGroup;
			children = (
				BAD5D6E41A52E03C0009CC5F /* iOSonRails */,
				BAD5D6FE1A52E03C0009CC5F /* iOSonRailsTests */,
				BAD5D6E31A52E03C0009CC5F /* Products */,
				D308DE147F5DADD426D22BB4 /* Pods */,
				DA02936B6D1617D528B45F3A /* Frameworks */,
			);
			sourceTree = "<group>";
		};
		BAD5D6E31A52E03C0009CC5F /* Products */ = {
			isa = PBXGroup;
			children = (
				BAD5D6E21A52E03C0009CC5F /* iOSonRails.app */,
				BAD5D6FB1A52E03C0009CC5F /* iOSonRailsTests.xctest */,
			);
			name = Products;
			sourceTree = "<group>";
		};
		BAD5D6E41A52E03C0009CC5F /* iOSonRails */ = {
			isa = PBXGroup;
			children = (
				BA05A7B71A80FDE90040ED7E /* AppDelegate */,
				BA05A7BA1A80FDE90040ED7E /* Helper */,
				BA05A7BD1A80FDE90040ED7E /* Macro */,
				BA05A7BF1A80FDE90040ED7E /* Model */,
				BA05A7C21A80FDE90040ED7E /* View */,
				BAD5D6F21A52E03C0009CC5F /* Images.xcassets */,
				BAD5D6E51A52E03C0009CC5F /* Supporting Files */,
				BA1DB68F1A5FF44700B4E453 /* UserManager.h */,
				BA1DB6901A5FF44700B4E453 /* UserManager.m */,
			);
			path = iOSonRails;
			sourceTree = "<group>";
		};
		BAD5D6E51A52E03C0009CC5F /* Supporting Files */ = {
			isa = PBXGroup;
			children = (
				BAD5D6E61A52E03C0009CC5F /* Info.plist */,
				BAD5D6E71A52E03C0009CC5F /* main.m */,
			);
			path = "Supporting Files";
			sourceTree = "<group>";
		};
		BAD5D6FE1A52E03C0009CC5F /* iOSonRailsTests */ = {
			isa = PBXGroup;
			children = (
				BAD5D7011A52E03C0009CC5F /* iOSonRailsTests.m */,
				BAD5D6FF1A52E03C0009CC5F /* Supporting Files */,
			);
			path = iOSonRailsTests;
			sourceTree = "<group>";
		};
		BAD5D6FF1A52E03C0009CC5F /* Supporting Files */ = {
			isa = PBXGroup;
			children = (
				BAD5D7001A52E03C0009CC5F /* Info.plist */,
				BA146A6A1AC0111800D046F3 /* main.storyboard */,
				BA1DB6921A5FF87400B4E453 /* Security.framework */,
			);
			path = "Supporting Files";
			sourceTree = "<group>";
		};
		D308DE147F5DADD426D22BB4 /* Pods */ = {
			isa = PBXGroup;
			children = (
				C8C6597F878D88F0DABEB5FB /* Pods-iOSonRails.debug.xcconfig */,
				9FABE1F2DF8E5C107F17CBF6 /* Pods-iOSonRails.release.xcconfig */,
			);
			name = Pods;
			sourceTree = "<group>";
		};
		DA02936B6D1617D528B45F3A /* Frameworks */ = {
			isa = PBXGroup;
			children = (
				BA146A5F1ABF157D00D046F3 /* CoreMotion.framework */,
				90CD7E7EF8EA12AFB12922DF /* libPods-iOSonRails.a */,
			);
			name = Frameworks;
			sourceTree = "<group>";
		};
/* End PBXGroup section */

/* Begin PBXNativeTarget section */
		BAD5D6E11A52E03C0009CC5F /* iOSonRails */ = {
			isa = PBXNativeTarget;
			buildConfigurationList = BAD5D7051A52E03C0009CC5F /* Build configuration list for PBXNativeTarget "iOSonRails" */;
			buildPhases = (
				DE18FC630DE6F6F18FEEA397 /* Check Pods Manifest.lock */,
				BAD5D6DE1A52E03C0009CC5F /* Sources */,
				BAD5D6DF1A52E03C0009CC5F /* Frameworks */,
				BAD5D6E01A52E03C0009CC5F /* Resources */,
				AE0DBDA77E9D3AC987D984EC /* Copy Pods Resources */,
			);
			buildRules = (
			);
			dependencies = (
			);
			name = iOSonRails;
			productName = iOSonRails;
			productReference = BAD5D6E21A52E03C0009CC5F /* iOSonRails.app */;
			productType = "com.apple.product-type.application";
		};
		BAD5D6FA1A52E03C0009CC5F /* iOSonRailsTests */ = {
			isa = PBXNativeTarget;
			buildConfigurationList = BAD5D7081A52E03C0009CC5F /* Build configuration list for PBXNativeTarget "iOSonRailsTests" */;
			buildPhases = (
				BAD5D6F71A52E03C0009CC5F /* Sources */,
				BAD5D6F81A52E03C0009CC5F /* Frameworks */,
				BAD5D6F91A52E03C0009CC5F /* Resources */,
			);
			buildRules = (
			);
			dependencies = (
				BAD5D6FD1A52E03C0009CC5F /* PBXTargetDependency */,
			);
			name = iOSonRailsTests;
			productName = iOSonRailsTests;
			productReference = BAD5D6FB1A52E03C0009CC5F /* iOSonRailsTests.xctest */;
			productType = "com.apple.product-type.bundle.unit-test";
		};
/* End PBXNativeTarget section */

/* Begin PBXProject section */
		BAD5D6DA1A52E03C0009CC5F /* Project object */ = {
			isa = PBXProject;
			attributes = {
				LastUpgradeCheck = 0610;
				ORGANIZATIONNAME = minghe;
				TargetAttributes = {
					BAD5D6E11A52E03C0009CC5F = {
						CreatedOnToolsVersion = 6.1.1;
					};
					BAD5D6FA1A52E03C0009CC5F = {
						CreatedOnToolsVersion = 6.1.1;
						TestTargetID = BAD5D6E11A52E03C0009CC5F;
					};
				};
			};
			buildConfigurationList = BAD5D6DD1A52E03C0009CC5F /* Build configuration list for PBXProject "iOSonRails" */;
			compatibilityVersion = "Xcode 3.2";
			developmentRegion = English;
			hasScannedForEncodings = 0;
			knownRegions = (
				en,
				Base,
			);
			mainGroup = BAD5D6D91A52E03C0009CC5F;
			productRefGroup = BAD5D6E31A52E03C0009CC5F /* Products */;
			projectDirPath = "";
			projectRoot = "";
			targets = (
				BAD5D6E11A52E03C0009CC5F /* iOSonRails */,
				BAD5D6FA1A52E03C0009CC5F /* iOSonRailsTests */,
			);
		};
/* End PBXProject section */

/* Begin PBXResourcesBuildPhase section */
		BAD5D6E01A52E03C0009CC5F /* Resources */ = {
			isa = PBXResourcesBuildPhase;
			buildActionMask = 2147483647;
			files = (
				BAD5D70B1A52E2780009CC5F /* Info.plist in Resources */,
				BAD5D6F31A52E03C0009CC5F /* Images.xcassets in Resources */,
			);
			runOnlyForDeploymentPostprocessing = 0;
		};
		BAD5D6F91A52E03C0009CC5F /* Resources */ = {
			isa = PBXResourcesBuildPhase;
			buildActionMask = 2147483647;
			files = (
				BA146A6B1AC0111800D046F3 /* main.storyboard in Resources */,
			);
			runOnlyForDeploymentPostprocessing = 0;
		};
/* End PBXResourcesBuildPhase section */

/* Begin PBXShellScriptBuildPhase section */
		AE0DBDA77E9D3AC987D984EC /* Copy Pods Resources */ = {
			isa = PBXShellScriptBuildPhase;
			buildActionMask = 2147483647;
			files = (
			);
			inputPaths = (
			);
			name = "Copy Pods Resources";
			outputPaths = (
			);
			runOnlyForDeploymentPostprocessing = 0;
			shellPath = /bin/sh;
			shellScript = "\"${SRCROOT}/Pods/Target Support Files/Pods-iOSonRails/Pods-iOSonRails-resources.sh\"\n";
			showEnvVarsInLog = 0;
		};
		DE18FC630DE6F6F18FEEA397 /* Check Pods Manifest.lock */ = {
			isa = PBXShellScriptBuildPhase;
			buildActionMask = 2147483647;
			files = (
			);
			inputPaths = (
			);
			name = "Check Pods Manifest.lock";
			outputPaths = (
			);
			runOnlyForDeploymentPostprocessing = 0;
			shellPath = /bin/sh;
			shellScript = "diff \"${PODS_ROOT}/../Podfile.lock\" \"${PODS_ROOT}/Manifest.lock\" > /dev/null\nif [[ $? != 0 ]] ; then\n    cat << EOM\nerror: The sandbox is not in sync with the Podfile.lock. Run 'pod install' or update your CocoaPods installation.\nEOM\n    exit 1\nfi\n";
			showEnvVarsInLog = 0;
		};
/* End PBXShellScriptBuildPhase section */

/* Begin PBXSourcesBuildPhase section */
		BAD5D6DE1A52E03C0009CC5F /* Sources */ = {
			isa = PBXSourcesBuildPhase;
			buildActionMask = 2147483647;
			files = (
				BA05A7C91A80FDE90040ED7E /* News.m in Sources */,
				BA8F30FB1AC01A9A00C6A1B3 /* NuViewController.m in Sources */,
				BA8F30F81AC01A9A00C6A1B3 /* JingViewController.m in Sources */,
				BA8F30F51AC01A9A00C6A1B3 /* AIViewController.m in Sources */,
				BA8F30FA1AC01A9A00C6A1B3 /* LeViewController.m in Sources */,
				BA1DB6911A5FF44700B4E453 /* UserManager.m in Sources */,
				BA146A581ABD929F00D046F3 /* NavViewController.m in Sources */,
				BA05A7CA1A80FDE90040ED7E /* NewsListCell.m in Sources */,
				BAD5D6E81A52E03C0009CC5F /* main.m in Sources */,
				BA05A7C81A80FDE90040ED7E /* HTTPClient.m in Sources */,
				BA8F30F61AC01A9A00C6A1B3 /* EViewController.m in Sources */,
				BA05A7CB1A80FDE90040ED7E /* NewsListViewController.m in Sources */,
				BA05A7C71A80FDE90040ED7E /* AppDelegate.m in Sources */,
				BA8F30F91AC01A9A00C6A1B3 /* JuViewController.m in Sources */,
				BA146A5E1ABEAAD700D046F3 /* NavSubView.m in Sources */,
				BA8F30F71AC01A9A00C6A1B3 /* HaoViewController.m in Sources */,
			);
			runOnlyForDeploymentPostprocessing = 0;
		};
		BAD5D6F71A52E03C0009CC5F /* Sources */ = {
			isa = PBXSourcesBuildPhase;
			buildActionMask = 2147483647;
			files = (
				BAD5D7021A52E03C0009CC5F /* iOSonRailsTests.m in Sources */,
			);
			runOnlyForDeploymentPostprocessing = 0;
		};
/* End PBXSourcesBuildPhase section */

/* Begin PBXTargetDependency section */
		BAD5D6FD1A52E03C0009CC5F /* PBXTargetDependency */ = {
			isa = PBXTargetDependency;
			target = BAD5D6E11A52E03C0009CC5F /* iOSonRails */;
			targetProxy = BAD5D6FC1A52E03C0009CC5F /* PBXContainerItemProxy */;
		};
/* End PBXTargetDependency section */

/* Begin XCBuildConfiguration section */
		BAD5D7031A52E03C0009CC5F /* Debug */ = {
			isa = XCBuildConfiguration;
			buildSettings = {
				ALWAYS_SEARCH_USER_PATHS = NO;
				CLANG_CXX_LANGUAGE_STANDARD = "gnu++0x";
				CLANG_CXX_LIBRARY = "libc++";
				CLANG_ENABLE_MODULES = YES;
				CLANG_ENABLE_OBJC_ARC = YES;
				CLANG_WARN_BOOL_CONVERSION = YES;
				CLANG_WARN_CONSTANT_CONVERSION = YES;
				CLANG_WARN_DIRECT_OBJC_ISA_USAGE = YES_ERROR;
				CLANG_WARN_EMPTY_BODY = YES;
				CLANG_WARN_ENUM_CONVERSION = YES;
				CLANG_WARN_INT_CONVERSION = YES;
				CLANG_WARN_OBJC_ROOT_CLASS = YES_ERROR;
				CLANG_WARN_UNREACHABLE_CODE = YES;
				CLANG_WARN__DUPLICATE_METHOD_MATCH = YES;
				"CODE_SIGN_IDENTITY[sdk=iphoneos*]" = "iPhone Developer";
				COPY_PHASE_STRIP = NO;
				ENABLE_STRICT_OBJC_MSGSEND = YES;
				GCC_C_LANGUAGE_STANDARD = gnu99;
				GCC_DYNAMIC_NO_PIC = NO;
				GCC_OPTIMIZATION_LEVEL = 0;
				GCC_PREPROCESSOR_DEFINITIONS = (
					"DEBUG=1",
					"$(inherited)",
				);
				GCC_SYMBOLS_PRIVATE_EXTERN = NO;
				GCC_WARN_64_TO_32_BIT_CONVERSION = YES;
				GCC_WARN_ABOUT_RETURN_TYPE = YES_ERROR;
				GCC_WARN_UNDECLARED_SELECTOR = YES;
				GCC_WARN_UNINITIALIZED_AUTOS = YES_AGGRESSIVE;
				GCC_WARN_UNUSED_FUNCTION = YES;
				GCC_WARN_UNUSED_VARIABLE = YES;
				IPHONEOS_DEPLOYMENT_TARGET = 8.1;
				MTL_ENABLE_DEBUG_INFO = YES;
				ONLY_ACTIVE_ARCH = YES;
				SDKROOT = iphoneos;
				TARGETED_DEVICE_FAMILY = "1,2";
			};
			name = Debug;
		};
		BAD5D7041A52E03C0009CC5F /* Release */ = {
			isa = XCBuildConfiguration;
			buildSettings = {
				ALWAYS_SEARCH_USER_PATHS = NO;
				CLANG_CXX_LANGUAGE_STANDARD = "gnu++0x";
				CLANG_CXX_LIBRARY = "libc++";
				CLANG_ENABLE_MODULES = YES;
				CLANG_ENABLE_OBJC_ARC = YES;
				CLANG_WARN_BOOL_CONVERSION = YES;
				CLANG_WARN_CONSTANT_CONVERSION = YES;
				CLANG_WARN_DIRECT_OBJC_ISA_USAGE = YES_ERROR;
				CLANG_WARN_EMPTY_BODY = YES;
				CLANG_WARN_ENUM_CONVERSION = YES;
				CLANG_WARN_INT_CONVERSION = YES;
				CLANG_WARN_OBJC_ROOT_CLASS = YES_ERROR;
				CLANG_WARN_UNREACHABLE_CODE = YES;
				CLANG_WARN__DUPLICATE_METHOD_MATCH = YES;
				"CODE_SIGN_IDENTITY[sdk=iphoneos*]" = "iPhone Developer";
				COPY_PHASE_STRIP = YES;
				ENABLE_NS_ASSERTIONS = NO;
				ENABLE_STRICT_OBJC_MSGSEND = YES;
				GCC_C_LANGUAGE_STANDARD = gnu99;
				GCC_WARN_64_TO_32_BIT_CONVERSION = YES;
				GCC_WARN_ABOUT_RETURN_TYPE = YES_ERROR;
				GCC_WARN_UNDECLARED_SELECTOR = YES;
				GCC_WARN_UNINITIALIZED_AUTOS = YES_AGGRESSIVE;
				GCC_WARN_UNUSED_FUNCTION = YES;
				GCC_WARN_UNUSED_VARIABLE = YES;
				IPHONEOS_DEPLOYMENT_TARGET = 8.1;
				MTL_ENABLE_DEBUG_INFO = NO;
				SDKROOT = iphoneos;
				TARGETED_DEVICE_FAMILY = "1,2";
				VALIDATE_PRODUCT = YES;
			};
			name = Release;
		};
		BAD5D7061A52E03C0009CC5F /* Debug */ = {
			isa = XCBuildConfiguration;
			baseConfigurationReference = C8C6597F878D88F0DABEB5FB /* Pods-iOSonRails.debug.xcconfig */;
			buildSettings = {
				ASSETCATALOG_COMPILER_APPICON_NAME = AppIcon;
				INFOPLIST_FILE = "iOSonRails/Supporting Files/Info.plist";
				IPHONEOS_DEPLOYMENT_TARGET = 7.0;
				LD_RUNPATH_SEARCH_PATHS = "$(inherited) @executable_path/Frameworks";
				PRODUCT_NAME = "$(TARGET_NAME)";
			};
			name = Debug;
		};
		BAD5D7071A52E03C0009CC5F /* Release */ = {
			isa = XCBuildConfiguration;
			baseConfigurationReference = 9FABE1F2DF8E5C107F17CBF6 /* Pods-iOSonRails.release.xcconfig */;
			buildSettings = {
				ASSETCATALOG_COMPILER_APPICON_NAME = AppIcon;
				INFOPLIST_FILE = "iOSonRails/Supporting Files/Info.plist";
				IPHONEOS_DEPLOYMENT_TARGET = 7.0;
				LD_RUNPATH_SEARCH_PATHS = "$(inherited) @executable_path/Frameworks";
				PRODUCT_NAME = "$(TARGET_NAME)";
			};
			name = Release;
		};
		BAD5D7091A52E03C0009CC5F /* Debug */ = {
			isa = XCBuildConfiguration;
			buildSettings = {
				BUNDLE_LOADER = "$(TEST_HOST)";
				FRAMEWORK_SEARCH_PATHS = (
					"$(SDKROOT)/Developer/Library/Frameworks",
					"$(inherited)",
				);
				GCC_PREPROCESSOR_DEFINITIONS = (
					"DEBUG=1",
					"$(inherited)",
				);
				INFOPLIST_FILE = "iOSonRailsTests/Supporting Files/Info.plist";
				LD_RUNPATH_SEARCH_PATHS = "$(inherited) @executable_path/Frameworks @loader_path/Frameworks";
				PRODUCT_NAME = "$(TARGET_NAME)";
				TEST_HOST = "$(BUILT_PRODUCTS_DIR)/iOSonRails.app/iOSonRails";
			};
			name = Debug;
		};
		BAD5D70A1A52E03C0009CC5F /* Release */ = {
			isa = XCBuildConfiguration;
			buildSettings = {
				BUNDLE_LOADER = "$(TEST_HOST)";
				FRAMEWORK_SEARCH_PATHS = (
					"$(SDKROOT)/Developer/Library/Frameworks",
					"$(inherited)",
				);
				INFOPLIST_FILE = "iOSonRailsTests/Supporting Files/Info.plist";
				LD_RUNPATH_SEARCH_PATHS = "$(inherited) @executable_path/Frameworks @loader_path/Frameworks";
				PRODUCT_NAME = "$(TARGET_NAME)";
				TEST_HOST = "$(BUILT_PRODUCTS_DIR)/iOSonRails.app/iOSonRails";
			};
			name = Release;
		};
/* End XCBuildConfiguration section */

/* Begin XCConfigurationList section */
		BAD5D6DD1A52E03C0009CC5F /* Build configuration list for PBXProject "iOSonRails" */ = {
			isa = XCConfigurationList;
			buildConfigurations = (
				BAD5D7031A52E03C0009CC5F /* Debug */,
				BAD5D7041A52E03C0009CC5F /* Release */,
			);
			defaultConfigurationIsVisible = 0;
			defaultConfigurationName = Release;
		};
		BAD5D7051A52E03C0009CC5F /* Build configuration list for PBXNativeTarget "iOSonRails" */ = {
			isa = XCConfigurationList;
			buildConfigurations = (
				BAD5D7061A52E03C0009CC5F /* Debug */,
				BAD5D7071A52E03C0009CC5F /* Release */,
			);
			defaultConfigurationIsVisible = 0;
			defaultConfigurationName = Release;
		};
		BAD5D7081A52E03C0009CC5F /* Build configuration list for PBXNativeTarget "iOSonRailsTests" */ = {
			isa = XCConfigurationList;
			buildConfigurations = (
				BAD5D7091A52E03C0009CC5F /* Debug */,
				BAD5D70A1A52E03C0009CC5F /* Release */,
			);
			defaultConfigurationIsVisible = 0;
			defaultConfigurationName = Release;
		};
/* End XCConfigurationList section */
	};
	rootObject = BAD5D6DA1A52E03C0009CC5F /* Project object */;
}
